Microsoft Visual Studio Solution File, Format Version 12.00
# Visual Studio 14
Project("{8BC9CEB8-8B4A-11D0-8D11-00A0C91BC942}") = "ALL_BUILD", "ALL_BUILD.vcxproj", "{2A3B923C-886A-339E-BE1D-8A785A562DF8}"
	ProjectSection(ProjectDependencies) = postProject
		{02204BAD-2E11-3DD7-9B78-936435434F29} = {02204BAD-2E11-3DD7-9B78-936435434F29}
		{3389DDEB-0B7C-3C15-AA56-DFB87A2E2299} = {3389DDEB-0B7C-3C15-AA56-DFB87A2E2299}
		{301ADDFB-F9C6-3482-86FC-F9802A5F5DF4} = {301ADDFB-F9C6-3482-86FC-F9802A5F5DF4}
		{D74E0B48-1051-3B04-AA91-D21D6825CA94} = {D74E0B48-1051-3B04-AA91-D21D6825CA94}
		{41543CEA-A2CE-38A3-81DB-8247A416DFFB} = {41543CEA-A2CE-38A3-81DB-8247A416DFFB}
		{DC15F3B8-0FF7-3970-AD2E-182FF5C44401} = {DC15F3B8-0FF7-3970-AD2E-182FF5C44401}
		{C095E705-15E4-33AF-9CF2-F4F839A8A1DE} = {C095E705-15E4-33AF-9CF2-F4F839A8A1DE}
		{3D5BFCD3-37B9-3EE3-8279-9AD030B0A119} = {3D5BFCD3-37B9-3EE3-8279-9AD030B0A119}
		{AC393041-7E69-3586-B5B8-AE265F0F71D4} = {AC393041-7E69-3586-B5B8-AE265F0F71D4}
		{C129DC4B-2F5C-367C-8BD5-BFDD1AD4DD59} = {C129DC4B-2F5C-367C-8BD5-BFDD1AD4DD59}
		{1D656B70-A394-35E8-9826-A0D6413F0362} = {1D656B70-A394-35E8-9826-A0D6413F0362}
		{E33EC830-03CB-303C-9C61-8619CD11F484} = {E33EC830-03CB-303C-9C61-8619CD11F484}
		{101F9357-7619-34BA-B8E2-42E284DB1A21} = {101F9357-7619-34BA-B8E2-42E284DB1A21}
		{BA885DB5-BBEC-3340-93B8-63C61E95ACE0} = {BA885DB5-BBEC-3340-93B8-63C61E95ACE0}
		{EDCED24D-0953-3659-807B-66EBA8783424} = {EDCED24D-0953-3659-807B-66EBA8783424}
		{990CC341-853D-3E80-A6E3-00E9BB3E10CA} = {990CC341-853D-3E80-A6E3-00E9BB3E10CA}
		{EAAD8E0A-DB53-30A0-9FEF-D27E0F84F280} = {EAAD8E0A-DB53-30A0-9FEF-D27E0F84F280}
		{BB8E8575-602B-3CD2-ADFD-484E7FFF2E4D} = {BB8E8575-602B-3CD2-ADFD-484E7FFF2E4D}
		{8B6AE382-58A6-34D6-BCA9-8CB519C7D68C} = {8B6AE382-58A6-34D6-BCA9-8CB519C7D68C}
		{073A9F13-0406-35B1-8386-835CB78B5538} = {073A9F13-0406-35B1-8386-835CB78B5538}
		{3E2D8B66-C10F-3A7C-BDC6-451D0D1F0189} = {3E2D8B66-C10F-3A7C-BDC6-451D0D1F0189}
		{798BE467-76FF-336F-B634-C0145B446455} = {798BE467-76FF-336F-B634-C0145B446455}
		{B64D0114-A20D-34BE-AD0E-D6D353064C86} = {B64D0114-A20D-34BE-AD0E-D6D353064C86}
		{C4DA2146-0FCE-3474-8BEA-C082680AC281} = {C4DA2146-0FCE-3474-8BEA-C082680AC281}
		{97A36895-4F49-3C5F-9E0D-D1D9935EC000} = {97A36895-4F49-3C5F-9E0D-D1D9935EC000}
		{98A37385-4191-3227-B94B-1DC2BF57733C} = {98A37385-4191-3227-B94B-1DC2BF57733C}
		{5432ECCE-A64A-3C26-9824-2895AA261B1A} = {5432ECCE-A64A-3C26-9824-2895AA261B1A}
		{FA5CC8BD-BFD8-30F9-ABE8-79A9448A3684} = {FA5CC8BD-BFD8-30F9-ABE8-79A9448A3684}
		{A560BAE3-2E47-3D85-895F-D8F148F0B28E} = {A560BAE3-2E47-3D85-895F-D8F148F0B28E}
		{AE44CA6B-19AC-39F8-BE7D-C458C782F389} = {AE44CA6B-19AC-39F8-BE7D-C458C782F389}
		{50DFFB73-CB5F-3BC2-AE9C-B5746B96E801} = {50DFFB73-CB5F-3BC2-AE9C-B5746B96E801}
		{3970C9CB-07F3-356E-B029-394A883F8D8D} = {3970C9CB-07F3-356E-B029-394A883F8D8D}
		{339914C1-3C62-3FA9-854B-DF81BA79F45A} = {339914C1-3C62-3FA9-854B-DF81BA79F45A}
		{BF3F9043-6F7E-3D42-9769-ED36EF885AEA} = {BF3F9043-6F7E-3D42-9769-ED36EF885AEA}
		{41AD209A-D764-3B79-B3F5-8783CF6E1B13} = {41AD209A-D764-3B79-B3F5-8783CF6E1B13}
		{221D4453-686B-3952-BE22-CC6418D02260} = {221D4453-686B-3952-BE22-CC6418D02260}
		{931DCC71-3EDD-3EC7-957B-D1FF55D1EAC7} = {931DCC71-3EDD-3EC7-957B-D1FF55D1EAC7}
		{3A62DC23-91CD-3067-8656-C690B255BFE2} = {3A62DC23-91CD-3067-8656-C690B255BFE2}
		{2CDCE288-3B1A-3634-9CAF-512D311E4B8C} = {2CDCE288-3B1A-3634-9CAF-512D311E4B8C}
		{CF3DF38D-28E1-33EC-9070-762485F42DE3} = {CF3DF38D-28E1-33EC-9070-762485F42DE3}
		{6040EEC7-AD64-30D5-ADFC-6BCD44CDEA0E} = {6040EEC7-AD64-30D5-ADFC-6BCD44CDEA0E}
		{13BD898B-5C9E-3C75-9EDD-33E685DFC02B} = {13BD898B-5C9E-3C75-9EDD-33E685DFC02B}
		{981789F9-CD82-30F3-81CF-854F915071FE} = {981789F9-CD82-30F3-81CF-854F915071FE}
		{0A881F31-BF9D-3DA8-8D79-F2FC077D1184} = {0A881F31-BF9D-3DA8-8D79-F2FC077D1184}
		{0FBD34C7-5BA5-3EA6-BFF2-4E2959AAC92A} = {0FBD34C7-5BA5-3EA6-BFF2-4E2959AAC92A}
		{9EDF0113-708F-3BBA-A80F-8554AB9ADF18} = {9EDF0113-708F-3BBA-A80F-8554AB9ADF18}
		{FAEAAC1A-69B5-3EFC-A01C-8AF507B23885} = {FAEAAC1A-69B5-3EFC-A01C-8AF507B23885}
		{8083898D-835A-3834-9FCA-FC33BAE3FE98} = {8083898D-835A-3834-9FCA-FC33BAE3FE98}
		{33E87C05-A5DC-3BB5-97FA-51717EF5B87A} = {33E87C05-A5DC-3BB5-97FA-51717EF5B87A}
		{C0A9CA0E-C93B-38FC-8D72-1F5E10B851D4} = {C0A9CA0E-C93B-38FC-8D72-1F5E10B851D4}
		{722826C1-9390-3C27-8422-0AEA8FE9F3E9} = {722826C1-9390-3C27-8422-0AEA8FE9F3E9}
		{265751D1-85B6-37F8-B670-9963FC3F9821} = {265751D1-85B6-37F8-B670-9963FC3F9821}
		{74157343-DBE6-3134-A6F3-414363E5137F} = {74157343-DBE6-3134-A6F3-414363E5137F}
		{6AC21AC2-A34F-3F66-B8FD-31AE95C9DBBB} = {6AC21AC2-A34F-3F66-B8FD-31AE95C9DBBB}
		{397D54FA-D2F9-3286-9A87-4ED019541053} = {397D54FA-D2F9-3286-9A87-4ED019541053}
		{8E916953-3138-3F5B-AA08-7DB4322DDC3F} = {8E916953-3138-3F5B-AA08-7DB4322DDC3F}
		{D2F2CD3A-03BC-3BC4-9A44-6F8878481956} = {D2F2CD3A-03BC-3BC4-9A44-6F8878481956}
		{E5EEBFDC-178F-3940-9FEC-F8CB0223856D} = {E5EEBFDC-178F-3940-9FEC-F8CB0223856D}
		{EC1F3A50-BE06-336E-94AB-D4F2754FCAA4} = {EC1F3A50-BE06-336E-94AB-D4F2754FCAA4}
	EndProjectSection
EndProject
Project("{8BC9CEB8-8B4A-11D0-8D11-00A0C91BC942}") = "ANTTWEAKBAR_116_OGLCORE_GLFW", "external\ANTTWEAKBAR_116_OGLCORE_GLFW.vcxproj", "{02204BAD-2E11-3DD7-9B78-936435434F29}"
	ProjectSection(ProjectDependencies) = postProject
		{C095E705-15E4-33AF-9CF2-F4F839A8A1DE} = {C095E705-15E4-33AF-9CF2-F4F839A8A1DE}
	EndProjectSection
EndProject
Project("{8BC9CEB8-8B4A-11D0-8D11-00A0C91BC942}") = "BulletCollision", "external\bullet-2.81-rev2613\src\BulletCollision\BulletCollision.vcxproj", "{3389DDEB-0B7C-3C15-AA56-DFB87A2E2299}"
	ProjectSection(ProjectDependencies) = postProject
		{C095E705-15E4-33AF-9CF2-F4F839A8A1DE} = {C095E705-15E4-33AF-9CF2-F4F839A8A1DE}
	EndProjectSection
EndProject
Project("{8BC9CEB8-8B4A-11D0-8D11-00A0C91BC942}") = "BulletDynamics", "external\bullet-2.81-rev2613\src\BulletDynamics\BulletDynamics.vcxproj", "{301ADDFB-F9C6-3482-86FC-F9802A5F5DF4}"
	ProjectSection(ProjectDependencies) = postProject
		{C095E705-15E4-33AF-9CF2-F4F839A8A1DE} = {C095E705-15E4-33AF-9CF2-F4F839A8A1DE}
	EndProjectSection
EndProject
Project("{8BC9CEB8-8B4A-11D0-8D11-00A0C91BC942}") = "BulletSoftBody", "external\bullet-2.81-rev2613\src\BulletSoftBody\BulletSoftBody.vcxproj", "{D74E0B48-1051-3B04-AA91-D21D6825CA94}"
	ProjectSection(ProjectDependencies) = postProject
		{C095E705-15E4-33AF-9CF2-F4F839A8A1DE} = {C095E705-15E4-33AF-9CF2-F4F839A8A1DE}
	EndProjectSection
EndProject
Project("{8BC9CEB8-8B4A-11D0-8D11-00A0C91BC942}") = "GLEW_1130", "external\GLEW_1130.vcxproj", "{41543CEA-A2CE-38A3-81DB-8247A416DFFB}"
	ProjectSection(ProjectDependencies) = postProject
		{C095E705-15E4-33AF-9CF2-F4F839A8A1DE} = {C095E705-15E4-33AF-9CF2-F4F839A8A1DE}
	EndProjectSection
EndProject
Project("{8BC9CEB8-8B4A-11D0-8D11-00A0C91BC942}") = "INSTALL", "INSTALL.vcxproj", "{804E3E4C-56A1-3B60-BB29-A667C8533030}"
	ProjectSection(ProjectDependencies) = postProject
		{2A3B923C-886A-339E-BE1D-8A785A562DF8} = {2A3B923C-886A-339E-BE1D-8A785A562DF8}
		{C095E705-15E4-33AF-9CF2-F4F839A8A1DE} = {C095E705-15E4-33AF-9CF2-F4F839A8A1DE}
	EndProjectSection
EndProject
Project("{8BC9CEB8-8B4A-11D0-8D11-00A0C91BC942}") = "LinearMath", "external\bullet-2.81-rev2613\src\LinearMath\LinearMath.vcxproj", "{DC15F3B8-0FF7-3970-AD2E-182FF5C44401}"
	ProjectSection(ProjectDependencies) = postProject
		{C095E705-15E4-33AF-9CF2-F4F839A8A1DE} = {C095E705-15E4-33AF-9CF2-F4F839A8A1DE}
	EndProjectSection
EndProject
Project("{8BC9CEB8-8B4A-11D0-8D11-00A0C91BC942}") = "ZERO_CHECK", "ZERO_CHECK.vcxproj", "{C095E705-15E4-33AF-9CF2-F4F839A8A1DE}"
	ProjectSection(ProjectDependencies) = postProject
	EndProjectSection
EndProject
Project("{8BC9CEB8-8B4A-11D0-8D11-00A0C91BC942}") = "assimp", "external\assimp-3.0.1270\code\assimp.vcxproj", "{3D5BFCD3-37B9-3EE3-8279-9AD030B0A119}"
	ProjectSection(ProjectDependencies) = postProject
		{C095E705-15E4-33AF-9CF2-F4F839A8A1DE} = {C095E705-15E4-33AF-9CF2-F4F839A8A1DE}
		{EC1F3A50-BE06-336E-94AB-D4F2754FCAA4} = {EC1F3A50-BE06-336E-94AB-D4F2754FCAA4}
	EndProjectSection
EndProject
Project("{8BC9CEB8-8B4A-11D0-8D11-00A0C91BC942}") = "boing", "external\glfw-3.1.2\examples\boing.vcxproj", "{AC393041-7E69-3586-B5B8-AE265F0F71D4}"
	ProjectSection(ProjectDependencies) = postProject
		{C095E705-15E4-33AF-9CF2-F4F839A8A1DE} = {C095E705-15E4-33AF-9CF2-F4F839A8A1DE}
		{990CC341-853D-3E80-A6E3-00E9BB3E10CA} = {990CC341-853D-3E80-A6E3-00E9BB3E10CA}
	EndProjectSection
EndProject
Project("{8BC9CEB8-8B4A-11D0-8D11-00A0C91BC942}") = "clipboard", "external\glfw-3.1.2\tests\clipboard.vcxproj", "{C129DC4B-2F5C-367C-8BD5-BFDD1AD4DD59}"
	ProjectSection(ProjectDependencies) = postProject
		{C095E705-15E4-33AF-9CF2-F4F839A8A1DE} = {C095E705-15E4-33AF-9CF2-F4F839A8A1DE}
		{990CC341-853D-3E80-A6E3-00E9BB3E10CA} = {990CC341-853D-3E80-A6E3-00E9BB3E10CA}
	EndProjectSection
EndProject
Project("{8BC9CEB8-8B4A-11D0-8D11-00A0C91BC942}") = "cursor", "external\glfw-3.1.2\tests\cursor.vcxproj", "{1D656B70-A394-35E8-9826-A0D6413F0362}"
	ProjectSection(ProjectDependencies) = postProject
		{C095E705-15E4-33AF-9CF2-F4F839A8A1DE} = {C095E705-15E4-33AF-9CF2-F4F839A8A1DE}
		{990CC341-853D-3E80-A6E3-00E9BB3E10CA} = {990CC341-853D-3E80-A6E3-00E9BB3E10CA}
	EndProjectSection
EndProject
Project("{8BC9CEB8-8B4A-11D0-8D11-00A0C91BC942}") = "empty", "external\glfw-3.1.2\tests\empty.vcxproj", "{E33EC830-03CB-303C-9C61-8619CD11F484}"
	ProjectSection(ProjectDependencies) = postProject
		{C095E705-15E4-33AF-9CF2-F4F839A8A1DE} = {C095E705-15E4-33AF-9CF2-F4F839A8A1DE}
		{990CC341-853D-3E80-A6E3-00E9BB3E10CA} = {990CC341-853D-3E80-A6E3-00E9BB3E10CA}
	EndProjectSection
EndProject
Project("{8BC9CEB8-8B4A-11D0-8D11-00A0C91BC942}") = "events", "external\glfw-3.1.2\tests\events.vcxproj", "{101F9357-7619-34BA-B8E2-42E284DB1A21}"
	ProjectSection(ProjectDependencies) = postProject
		{C095E705-15E4-33AF-9CF2-F4F839A8A1DE} = {C095E705-15E4-33AF-9CF2-F4F839A8A1DE}
		{990CC341-853D-3E80-A6E3-00E9BB3E10CA} = {990CC341-853D-3E80-A6E3-00E9BB3E10CA}
	EndProjectSection
EndProject
Project("{8BC9CEB8-8B4A-11D0-8D11-00A0C91BC942}") = "gamma", "external\glfw-3.1.2\tests\gamma.vcxproj", "{BA885DB5-BBEC-3340-93B8-63C61E95ACE0}"
	ProjectSection(ProjectDependencies) = postProject
		{C095E705-15E4-33AF-9CF2-F4F839A8A1DE} = {C095E705-15E4-33AF-9CF2-F4F839A8A1DE}
		{990CC341-853D-3E80-A6E3-00E9BB3E10CA} = {990CC341-853D-3E80-A6E3-00E9BB3E10CA}
	EndProjectSection
EndProject
Project("{8BC9CEB8-8B4A-11D0-8D11-00A0C91BC942}") = "gears", "external\glfw-3.1.2\examples\gears.vcxproj", "{EDCED24D-0953-3659-807B-66EBA8783424}"
	ProjectSection(ProjectDependencies) = postProject
		{C095E705-15E4-33AF-9CF2-F4F839A8A1DE} = {C095E705-15E4-33AF-9CF2-F4F839A8A1DE}
		{990CC341-853D-3E80-A6E3-00E9BB3E10CA} = {990CC341-853D-3E80-A6E3-00E9BB3E10CA}
	EndProjectSection
EndProject
Project("{8BC9CEB8-8B4A-11D0-8D11-00A0C91BC942}") = "glfw", "external\glfw-3.1.2\src\glfw.vcxproj", "{990CC341-853D-3E80-A6E3-00E9BB3E10CA}"
	ProjectSection(ProjectDependencies) = postProject
		{C095E705-15E4-33AF-9CF2-F4F839A8A1DE} = {C095E705-15E4-33AF-9CF2-F4F839A8A1DE}
	EndProjectSection
EndProject
Project("{8BC9CEB8-8B4A-11D0-8D11-00A0C91BC942}") = "glfwinfo", "external\glfw-3.1.2\tests\glfwinfo.vcxproj", "{EAAD8E0A-DB53-30A0-9FEF-D27E0F84F280}"
	ProjectSection(ProjectDependencies) = postProject
		{C095E705-15E4-33AF-9CF2-F4F839A8A1DE} = {C095E705-15E4-33AF-9CF2-F4F839A8A1DE}
		{990CC341-853D-3E80-A6E3-00E9BB3E10CA} = {990CC341-853D-3E80-A6E3-00E9BB3E10CA}
	EndProjectSection
EndProject
Project("{8BC9CEB8-8B4A-11D0-8D11-00A0C91BC942}") = "heightmap", "external\glfw-3.1.2\examples\heightmap.vcxproj", "{BB8E8575-602B-3CD2-ADFD-484E7FFF2E4D}"
	ProjectSection(ProjectDependencies) = postProject
		{C095E705-15E4-33AF-9CF2-F4F839A8A1DE} = {C095E705-15E4-33AF-9CF2-F4F839A8A1DE}
		{990CC341-853D-3E80-A6E3-00E9BB3E10CA} = {990CC341-853D-3E80-A6E3-00E9BB3E10CA}
	EndProjectSection
EndProject
Project("{8BC9CEB8-8B4A-11D0-8D11-00A0C91BC942}") = "iconify", "external\glfw-3.1.2\tests\iconify.vcxproj", "{8B6AE382-58A6-34D6-BCA9-8CB519C7D68C}"
	ProjectSection(ProjectDependencies) = postProject
		{C095E705-15E4-33AF-9CF2-F4F839A8A1DE} = {C095E705-15E4-33AF-9CF2-F4F839A8A1DE}
		{990CC341-853D-3E80-A6E3-00E9BB3E10CA} = {990CC341-853D-3E80-A6E3-00E9BB3E10CA}
	EndProjectSection
EndProject
Project("{8BC9CEB8-8B4A-11D0-8D11-00A0C91BC942}") = "joysticks", "external\glfw-3.1.2\tests\joysticks.vcxproj", "{073A9F13-0406-35B1-8386-835CB78B5538}"
	ProjectSection(ProjectDependencies) = postProject
		{C095E705-15E4-33AF-9CF2-F4F839A8A1DE} = {C095E705-15E4-33AF-9CF2-F4F839A8A1DE}
		{990CC341-853D-3E80-A6E3-00E9BB3E10CA} = {990CC341-853D-3E80-A6E3-00E9BB3E10CA}
	EndProjectSection
EndProject
Project("{8BC9CEB8-8B4A-11D0-8D11-00A0C91BC942}") = "misc05_picking_BulletPhysics", "misc05_picking_BulletPhysics.vcxproj", "{3E2D8B66-C10F-3A7C-BDC6-451D0D1F0189}"
	ProjectSection(ProjectDependencies) = postProject
		{02204BAD-2E11-3DD7-9B78-936435434F29} = {02204BAD-2E11-3DD7-9B78-936435434F29}
		{3389DDEB-0B7C-3C15-AA56-DFB87A2E2299} = {3389DDEB-0B7C-3C15-AA56-DFB87A2E2299}
		{301ADDFB-F9C6-3482-86FC-F9802A5F5DF4} = {301ADDFB-F9C6-3482-86FC-F9802A5F5DF4}
		{41543CEA-A2CE-38A3-81DB-8247A416DFFB} = {41543CEA-A2CE-38A3-81DB-8247A416DFFB}
		{DC15F3B8-0FF7-3970-AD2E-182FF5C44401} = {DC15F3B8-0FF7-3970-AD2E-182FF5C44401}
		{C095E705-15E4-33AF-9CF2-F4F839A8A1DE} = {C095E705-15E4-33AF-9CF2-F4F839A8A1DE}
		{990CC341-853D-3E80-A6E3-00E9BB3E10CA} = {990CC341-853D-3E80-A6E3-00E9BB3E10CA}
	EndProjectSection
EndProject
Project("{8BC9CEB8-8B4A-11D0-8D11-00A0C91BC942}") = "misc05_picking_custom", "misc05_picking_custom.vcxproj", "{798BE467-76FF-336F-B634-C0145B446455}"
	ProjectSection(ProjectDependencies) = postProject
		{02204BAD-2E11-3DD7-9B78-936435434F29} = {02204BAD-2E11-3DD7-9B78-936435434F29}
		{41543CEA-A2CE-38A3-81DB-8247A416DFFB} = {41543CEA-A2CE-38A3-81DB-8247A416DFFB}
		{C095E705-15E4-33AF-9CF2-F4F839A8A1DE} = {C095E705-15E4-33AF-9CF2-F4F839A8A1DE}
		{990CC341-853D-3E80-A6E3-00E9BB3E10CA} = {990CC341-853D-3E80-A6E3-00E9BB3E10CA}
	EndProjectSection
EndProject
Project("{8BC9CEB8-8B4A-11D0-8D11-00A0C91BC942}") = "misc05_picking_slow_easy", "misc05_picking_slow_easy.vcxproj", "{B64D0114-A20D-34BE-AD0E-D6D353064C86}"
	ProjectSection(ProjectDependencies) = postProject
		{02204BAD-2E11-3DD7-9B78-936435434F29} = {02204BAD-2E11-3DD7-9B78-936435434F29}
		{41543CEA-A2CE-38A3-81DB-8247A416DFFB} = {41543CEA-A2CE-38A3-81DB-8247A416DFFB}
		{C095E705-15E4-33AF-9CF2-F4F839A8A1DE} = {C095E705-15E4-33AF-9CF2-F4F839A8A1DE}
		{990CC341-853D-3E80-A6E3-00E9BB3E10CA} = {990CC341-853D-3E80-A6E3-00E9BB3E10CA}
	EndProjectSection
EndProject
Project("{8BC9CEB8-8B4A-11D0-8D11-00A0C91BC942}") = "monitors", "external\glfw-3.1.2\tests\monitors.vcxproj", "{C4DA2146-0FCE-3474-8BEA-C082680AC281}"
	ProjectSection(ProjectDependencies) = postProject
		{C095E705-15E4-33AF-9CF2-F4F839A8A1DE} = {C095E705-15E4-33AF-9CF2-F4F839A8A1DE}
		{990CC341-853D-3E80-A6E3-00E9BB3E10CA} = {990CC341-853D-3E80-A6E3-00E9BB3E10CA}
	EndProjectSection
EndProject
Project("{8BC9CEB8-8B4A-11D0-8D11-00A0C91BC942}") = "msaa", "external\glfw-3.1.2\tests\msaa.vcxproj", "{97A36895-4F49-3C5F-9E0D-D1D9935EC000}"
	ProjectSection(ProjectDependencies) = postProject
		{C095E705-15E4-33AF-9CF2-F4F839A8A1DE} = {C095E705-15E4-33AF-9CF2-F4F839A8A1DE}
		{990CC341-853D-3E80-A6E3-00E9BB3E10CA} = {990CC341-853D-3E80-A6E3-00E9BB3E10CA}
	EndProjectSection
EndProject
Project("{8BC9CEB8-8B4A-11D0-8D11-00A0C91BC942}") = "particles", "external\glfw-3.1.2\examples\particles.vcxproj", "{98A37385-4191-3227-B94B-1DC2BF57733C}"
	ProjectSection(ProjectDependencies) = postProject
		{C095E705-15E4-33AF-9CF2-F4F839A8A1DE} = {C095E705-15E4-33AF-9CF2-F4F839A8A1DE}
		{990CC341-853D-3E80-A6E3-00E9BB3E10CA} = {990CC341-853D-3E80-A6E3-00E9BB3E10CA}
	EndProjectSection
EndProject
Project("{8BC9CEB8-8B4A-11D0-8D11-00A0C91BC942}") = "playground", "playground.vcxproj", "{5432ECCE-A64A-3C26-9824-2895AA261B1A}"
	ProjectSection(ProjectDependencies) = postProject
		{41543CEA-A2CE-38A3-81DB-8247A416DFFB} = {41543CEA-A2CE-38A3-81DB-8247A416DFFB}
		{C095E705-15E4-33AF-9CF2-F4F839A8A1DE} = {C095E705-15E4-33AF-9CF2-F4F839A8A1DE}
		{990CC341-853D-3E80-A6E3-00E9BB3E10CA} = {990CC341-853D-3E80-A6E3-00E9BB3E10CA}
	EndProjectSection
EndProject
Project("{8BC9CEB8-8B4A-11D0-8D11-00A0C91BC942}") = "reopen", "external\glfw-3.1.2\tests\reopen.vcxproj", "{FA5CC8BD-BFD8-30F9-ABE8-79A9448A3684}"
	ProjectSection(ProjectDependencies) = postProject
		{C095E705-15E4-33AF-9CF2-F4F839A8A1DE} = {C095E705-15E4-33AF-9CF2-F4F839A8A1DE}
		{990CC341-853D-3E80-A6E3-00E9BB3E10CA} = {990CC341-853D-3E80-A6E3-00E9BB3E10CA}
	EndProjectSection
EndProject
Project("{8BC9CEB8-8B4A-11D0-8D11-00A0C91BC942}") = "sharing", "external\glfw-3.1.2\tests\sharing.vcxproj", "{A560BAE3-2E47-3D85-895F-D8F148F0B28E}"
	ProjectSection(ProjectDependencies) = postProject
		{C095E705-15E4-33AF-9CF2-F4F839A8A1DE} = {C095E705-15E4-33AF-9CF2-F4F839A8A1DE}
		{990CC341-853D-3E80-A6E3-00E9BB3E10CA} = {990CC341-853D-3E80-A6E3-00E9BB3E10CA}
	EndProjectSection
EndProject
Project("{8BC9CEB8-8B4A-11D0-8D11-00A0C91BC942}") = "simple", "external\glfw-3.1.2\examples\simple.vcxproj", "{AE44CA6B-19AC-39F8-BE7D-C458C782F389}"
	ProjectSection(ProjectDependencies) = postProject
		{C095E705-15E4-33AF-9CF2-F4F839A8A1DE} = {C095E705-15E4-33AF-9CF2-F4F839A8A1DE}
		{990CC341-853D-3E80-A6E3-00E9BB3E10CA} = {990CC341-853D-3E80-A6E3-00E9BB3E10CA}
	EndProjectSection
EndProject
Project("{8BC9CEB8-8B4A-11D0-8D11-00A0C91BC942}") = "splitview", "external\glfw-3.1.2\examples\splitview.vcxproj", "{50DFFB73-CB5F-3BC2-AE9C-B5746B96E801}"
	ProjectSection(ProjectDependencies) = postProject
		{C095E705-15E4-33AF-9CF2-F4F839A8A1DE} = {C095E705-15E4-33AF-9CF2-F4F839A8A1DE}
		{990CC341-853D-3E80-A6E3-00E9BB3E10CA} = {990CC341-853D-3E80-A6E3-00E9BB3E10CA}
	EndProjectSection
EndProject
Project("{8BC9CEB8-8B4A-11D0-8D11-00A0C91BC942}") = "tearing", "external\glfw-3.1.2\tests\tearing.vcxproj", "{3970C9CB-07F3-356E-B029-394A883F8D8D}"
	ProjectSection(ProjectDependencies) = postProject
		{C095E705-15E4-33AF-9CF2-F4F839A8A1DE} = {C095E705-15E4-33AF-9CF2-F4F839A8A1DE}
		{990CC341-853D-3E80-A6E3-00E9BB3E10CA} = {990CC341-853D-3E80-A6E3-00E9BB3E10CA}
	EndProjectSection
EndProject
Project("{8BC9CEB8-8B4A-11D0-8D11-00A0C91BC942}") = "threads", "external\glfw-3.1.2\tests\threads.vcxproj", "{339914C1-3C62-3FA9-854B-DF81BA79F45A}"
	ProjectSection(ProjectDependencies) = postProject
		{C095E705-15E4-33AF-9CF2-F4F839A8A1DE} = {C095E705-15E4-33AF-9CF2-F4F839A8A1DE}
		{990CC341-853D-3E80-A6E3-00E9BB3E10CA} = {990CC341-853D-3E80-A6E3-00E9BB3E10CA}
	EndProjectSection
EndProject
Project("{8BC9CEB8-8B4A-11D0-8D11-00A0C91BC942}") = "title", "external\glfw-3.1.2\tests\title.vcxproj", "{BF3F9043-6F7E-3D42-9769-ED36EF885AEA}"
	ProjectSection(ProjectDependencies) = postProject
		{C095E705-15E4-33AF-9CF2-F4F839A8A1DE} = {C095E705-15E4-33AF-9CF2-F4F839A8A1DE}
		{990CC341-853D-3E80-A6E3-00E9BB3E10CA} = {990CC341-853D-3E80-A6E3-00E9BB3E10CA}
	EndProjectSection
EndProject
Project("{8BC9CEB8-8B4A-11D0-8D11-00A0C91BC942}") = "tutorial01_first_window", "tutorial01_first_window.vcxproj", "{41AD209A-D764-3B79-B3F5-8783CF6E1B13}"
	ProjectSection(ProjectDependencies) = postProject
		{41543CEA-A2CE-38A3-81DB-8247A416DFFB} = {41543CEA-A2CE-38A3-81DB-8247A416DFFB}
		{C095E705-15E4-33AF-9CF2-F4F839A8A1DE} = {C095E705-15E4-33AF-9CF2-F4F839A8A1DE}
		{990CC341-853D-3E80-A6E3-00E9BB3E10CA} = {990CC341-853D-3E80-A6E3-00E9BB3E10CA}
	EndProjectSection
EndProject
Project("{8BC9CEB8-8B4A-11D0-8D11-00A0C91BC942}") = "tutorial02_red_triangle", "tutorial02_red_triangle.vcxproj", "{221D4453-686B-3952-BE22-CC6418D02260}"
	ProjectSection(ProjectDependencies) = postProject
		{41543CEA-A2CE-38A3-81DB-8247A416DFFB} = {41543CEA-A2CE-38A3-81DB-8247A416DFFB}
		{C095E705-15E4-33AF-9CF2-F4F839A8A1DE} = {C095E705-15E4-33AF-9CF2-F4F839A8A1DE}
		{990CC341-853D-3E80-A6E3-00E9BB3E10CA} = {990CC341-853D-3E80-A6E3-00E9BB3E10CA}
	EndProjectSection
EndProject
Project("{8BC9CEB8-8B4A-11D0-8D11-00A0C91BC942}") = "tutorial03_matrices", "tutorial03_matrices.vcxproj", "{931DCC71-3EDD-3EC7-957B-D1FF55D1EAC7}"
	ProjectSection(ProjectDependencies) = postProject
		{41543CEA-A2CE-38A3-81DB-8247A416DFFB} = {41543CEA-A2CE-38A3-81DB-8247A416DFFB}
		{C095E705-15E4-33AF-9CF2-F4F839A8A1DE} = {C095E705-15E4-33AF-9CF2-F4F839A8A1DE}
		{990CC341-853D-3E80-A6E3-00E9BB3E10CA} = {990CC341-853D-3E80-A6E3-00E9BB3E10CA}
	EndProjectSection
EndProject
Project("{8BC9CEB8-8B4A-11D0-8D11-00A0C91BC942}") = "tutorial04_colored_cube", "tutorial04_colored_cube.vcxproj", "{3A62DC23-91CD-3067-8656-C690B255BFE2}"
	ProjectSection(ProjectDependencies) = postProject
		{41543CEA-A2CE-38A3-81DB-8247A416DFFB} = {41543CEA-A2CE-38A3-81DB-8247A416DFFB}
		{C095E705-15E4-33AF-9CF2-F4F839A8A1DE} = {C095E705-15E4-33AF-9CF2-F4F839A8A1DE}
		{990CC341-853D-3E80-A6E3-00E9BB3E10CA} = {990CC341-853D-3E80-A6E3-00E9BB3E10CA}
	EndProjectSection
EndProject
Project("{8BC9CEB8-8B4A-11D0-8D11-00A0C91BC942}") = "tutorial05_textured_cube", "tutorial05_textured_cube.vcxproj", "{2CDCE288-3B1A-3634-9CAF-512D311E4B8C}"
	ProjectSection(ProjectDependencies) = postProject
		{41543CEA-A2CE-38A3-81DB-8247A416DFFB} = {41543CEA-A2CE-38A3-81DB-8247A416DFFB}
		{C095E705-15E4-33AF-9CF2-F4F839A8A1DE} = {C095E705-15E4-33AF-9CF2-F4F839A8A1DE}
		{990CC341-853D-3E80-A6E3-00E9BB3E10CA} = {990CC341-853D-3E80-A6E3-00E9BB3E10CA}
	EndProjectSection
EndProject
Project("{8BC9CEB8-8B4A-11D0-8D11-00A0C91BC942}") = "tutorial06_keyboard_and_mouse", "tutorial06_keyboard_and_mouse.vcxproj", "{CF3DF38D-28E1-33EC-9070-762485F42DE3}"
	ProjectSection(ProjectDependencies) = postProject
		{41543CEA-A2CE-38A3-81DB-8247A416DFFB} = {41543CEA-A2CE-38A3-81DB-8247A416DFFB}
		{C095E705-15E4-33AF-9CF2-F4F839A8A1DE} = {C095E705-15E4-33AF-9CF2-F4F839A8A1DE}
		{990CC341-853D-3E80-A6E3-00E9BB3E10CA} = {990CC341-853D-3E80-A6E3-00E9BB3E10CA}
	EndProjectSection
EndProject
Project("{8BC9CEB8-8B4A-11D0-8D11-00A0C91BC942}") = "tutorial07_model_loading", "tutorial07_model_loading.vcxproj", "{6040EEC7-AD64-30D5-ADFC-6BCD44CDEA0E}"
	ProjectSection(ProjectDependencies) = postProject
		{41543CEA-A2CE-38A3-81DB-8247A416DFFB} = {41543CEA-A2CE-38A3-81DB-8247A416DFFB}
		{C095E705-15E4-33AF-9CF2-F4F839A8A1DE} = {C095E705-15E4-33AF-9CF2-F4F839A8A1DE}
		{990CC341-853D-3E80-A6E3-00E9BB3E10CA} = {990CC341-853D-3E80-A6E3-00E9BB3E10CA}
	EndProjectSection
EndProject
Project("{8BC9CEB8-8B4A-11D0-8D11-00A0C91BC942}") = "tutorial08_basic_shading", "tutorial08_basic_shading.vcxproj", "{13BD898B-5C9E-3C75-9EDD-33E685DFC02B}"
	ProjectSection(ProjectDependencies) = postProject
		{41543CEA-A2CE-38A3-81DB-8247A416DFFB} = {41543CEA-A2CE-38A3-81DB-8247A416DFFB}
		{C095E705-15E4-33AF-9CF2-F4F839A8A1DE} = {C095E705-15E4-33AF-9CF2-F4F839A8A1DE}
		{990CC341-853D-3E80-A6E3-00E9BB3E10CA} = {990CC341-853D-3E80-A6E3-00E9BB3E10CA}
	EndProjectSection
EndProject
Project("{8BC9CEB8-8B4A-11D0-8D11-00A0C91BC942}") = "tutorial09_AssImp", "tutorial09_AssImp.vcxproj", "{981789F9-CD82-30F3-81CF-854F915071FE}"
	ProjectSection(ProjectDependencies) = postProject
		{41543CEA-A2CE-38A3-81DB-8247A416DFFB} = {41543CEA-A2CE-38A3-81DB-8247A416DFFB}
		{C095E705-15E4-33AF-9CF2-F4F839A8A1DE} = {C095E705-15E4-33AF-9CF2-F4F839A8A1DE}
		{3D5BFCD3-37B9-3EE3-8279-9AD030B0A119} = {3D5BFCD3-37B9-3EE3-8279-9AD030B0A119}
		{990CC341-853D-3E80-A6E3-00E9BB3E10CA} = {990CC341-853D-3E80-A6E3-00E9BB3E10CA}
		{EC1F3A50-BE06-336E-94AB-D4F2754FCAA4} = {EC1F3A50-BE06-336E-94AB-D4F2754FCAA4}
	EndProjectSection
EndProject
Project("{8BC9CEB8-8B4A-11D0-8D11-00A0C91BC942}") = "tutorial09_several_objects", "tutorial09_several_objects.vcxproj", "{0A881F31-BF9D-3DA8-8D79-F2FC077D1184}"
	ProjectSection(ProjectDependencies) = postProject
		{41543CEA-A2CE-38A3-81DB-8247A416DFFB} = {41543CEA-A2CE-38A3-81DB-8247A416DFFB}
		{C095E705-15E4-33AF-9CF2-F4F839A8A1DE} = {C095E705-15E4-33AF-9CF2-F4F839A8A1DE}
		{990CC341-853D-3E80-A6E3-00E9BB3E10CA} = {990CC341-853D-3E80-A6E3-00E9BB3E10CA}
	EndProjectSection
EndProject
Project("{8BC9CEB8-8B4A-11D0-8D11-00A0C91BC942}") = "tutorial09_vbo_indexing", "tutorial09_vbo_indexing.vcxproj", "{0FBD34C7-5BA5-3EA6-BFF2-4E2959AAC92A}"
	ProjectSection(ProjectDependencies) = postProject
		{41543CEA-A2CE-38A3-81DB-8247A416DFFB} = {41543CEA-A2CE-38A3-81DB-8247A416DFFB}
		{C095E705-15E4-33AF-9CF2-F4F839A8A1DE} = {C095E705-15E4-33AF-9CF2-F4F839A8A1DE}
		{990CC341-853D-3E80-A6E3-00E9BB3E10CA} = {990CC341-853D-3E80-A6E3-00E9BB3E10CA}
	EndProjectSection
EndProject
Project("{8BC9CEB8-8B4A-11D0-8D11-00A0C91BC942}") = "tutorial10_transparency", "tutorial10_transparency.vcxproj", "{9EDF0113-708F-3BBA-A80F-8554AB9ADF18}"
	ProjectSection(ProjectDependencies) = postProject
		{41543CEA-A2CE-38A3-81DB-8247A416DFFB} = {41543CEA-A2CE-38A3-81DB-8247A416DFFB}
		{C095E705-15E4-33AF-9CF2-F4F839A8A1DE} = {C095E705-15E4-33AF-9CF2-F4F839A8A1DE}
		{990CC341-853D-3E80-A6E3-00E9BB3E10CA} = {990CC341-853D-3E80-A6E3-00E9BB3E10CA}
	EndProjectSection
EndProject
Project("{8BC9CEB8-8B4A-11D0-8D11-00A0C91BC942}") = "tutorial11_2d_fonts", "tutorial11_2d_fonts.vcxproj", "{FAEAAC1A-69B5-3EFC-A01C-8AF507B23885}"
	ProjectSection(ProjectDependencies) = postProject
		{41543CEA-A2CE-38A3-81DB-8247A416DFFB} = {41543CEA-A2CE-38A3-81DB-8247A416DFFB}
		{C095E705-15E4-33AF-9CF2-F4F839A8A1DE} = {C095E705-15E4-33AF-9CF2-F4F839A8A1DE}
		{990CC341-853D-3E80-A6E3-00E9BB3E10CA} = {990CC341-853D-3E80-A6E3-00E9BB3E10CA}
	EndProjectSection
EndProject
Project("{8BC9CEB8-8B4A-11D0-8D11-00A0C91BC942}") = "tutorial12_extensions", "tutorial12_extensions.vcxproj", "{8083898D-835A-3834-9FCA-FC33BAE3FE98}"
	ProjectSection(ProjectDependencies) = postProject
		{41543CEA-A2CE-38A3-81DB-8247A416DFFB} = {41543CEA-A2CE-38A3-81DB-8247A416DFFB}
		{C095E705-15E4-33AF-9CF2-F4F839A8A1DE} = {C095E705-15E4-33AF-9CF2-F4F839A8A1DE}
		{990CC341-853D-3E80-A6E3-00E9BB3E10CA} = {990CC341-853D-3E80-A6E3-00E9BB3E10CA}
	EndProjectSection
EndProject
Project("{8BC9CEB8-8B4A-11D0-8D11-00A0C91BC942}") = "tutorial13_normal_mapping", "tutorial13_normal_mapping.vcxproj", "{33E87C05-A5DC-3BB5-97FA-51717EF5B87A}"
	ProjectSection(ProjectDependencies) = postProject
		{41543CEA-A2CE-38A3-81DB-8247A416DFFB} = {41543CEA-A2CE-38A3-81DB-8247A416DFFB}
		{C095E705-15E4-33AF-9CF2-F4F839A8A1DE} = {C095E705-15E4-33AF-9CF2-F4F839A8A1DE}
		{990CC341-853D-3E80-A6E3-00E9BB3E10CA} = {990CC341-853D-3E80-A6E3-00E9BB3E10CA}
	EndProjectSection
EndProject
Project("{8BC9CEB8-8B4A-11D0-8D11-00A0C91BC942}") = "tutorial14_render_to_texture", "tutorial14_render_to_texture.vcxproj", "{C0A9CA0E-C93B-38FC-8D72-1F5E10B851D4}"
	ProjectSection(ProjectDependencies) = postProject
		{41543CEA-A2CE-38A3-81DB-8247A416DFFB} = {41543CEA-A2CE-38A3-81DB-8247A416DFFB}
		{C095E705-15E4-33AF-9CF2-F4F839A8A1DE} = {C095E705-15E4-33AF-9CF2-F4F839A8A1DE}
		{990CC341-853D-3E80-A6E3-00E9BB3E10CA} = {990CC341-853D-3E80-A6E3-00E9BB3E10CA}
	EndProjectSection
EndProject
Project("{8BC9CEB8-8B4A-11D0-8D11-00A0C91BC942}") = "tutorial15_lightmaps", "tutorial15_lightmaps.vcxproj", "{722826C1-9390-3C27-8422-0AEA8FE9F3E9}"
	ProjectSection(ProjectDependencies) = postProject
		{41543CEA-A2CE-38A3-81DB-8247A416DFFB} = {41543CEA-A2CE-38A3-81DB-8247A416DFFB}
		{C095E705-15E4-33AF-9CF2-F4F839A8A1DE} = {C095E705-15E4-33AF-9CF2-F4F839A8A1DE}
		{990CC341-853D-3E80-A6E3-00E9BB3E10CA} = {990CC341-853D-3E80-A6E3-00E9BB3E10CA}
	EndProjectSection
EndProject
Project("{8BC9CEB8-8B4A-11D0-8D11-00A0C91BC942}") = "tutorial16_shadowmaps", "tutorial16_shadowmaps.vcxproj", "{265751D1-85B6-37F8-B670-9963FC3F9821}"
	ProjectSection(ProjectDependencies) = postProject
		{41543CEA-A2CE-38A3-81DB-8247A416DFFB} = {41543CEA-A2CE-38A3-81DB-8247A416DFFB}
		{C095E705-15E4-33AF-9CF2-F4F839A8A1DE} = {C095E705-15E4-33AF-9CF2-F4F839A8A1DE}
		{990CC341-853D-3E80-A6E3-00E9BB3E10CA} = {990CC341-853D-3E80-A6E3-00E9BB3E10CA}
	EndProjectSection
EndProject
Project("{8BC9CEB8-8B4A-11D0-8D11-00A0C91BC942}") = "tutorial16_shadowmaps_simple", "tutorial16_shadowmaps_simple.vcxproj", "{74157343-DBE6-3134-A6F3-414363E5137F}"
	ProjectSection(ProjectDependencies) = postProject
		{41543CEA-A2CE-38A3-81DB-8247A416DFFB} = {41543CEA-A2CE-38A3-81DB-8247A416DFFB}
		{C095E705-15E4-33AF-9CF2-F4F839A8A1DE} = {C095E705-15E4-33AF-9CF2-F4F839A8A1DE}
		{990CC341-853D-3E80-A6E3-00E9BB3E10CA} = {990CC341-853D-3E80-A6E3-00E9BB3E10CA}
	EndProjectSection
EndProject
Project("{8BC9CEB8-8B4A-11D0-8D11-00A0C91BC942}") = "tutorial17_rotations", "tutorial17_rotations.vcxproj", "{6AC21AC2-A34F-3F66-B8FD-31AE95C9DBBB}"
	ProjectSection(ProjectDependencies) = postProject
		{02204BAD-2E11-3DD7-9B78-936435434F29} = {02204BAD-2E11-3DD7-9B78-936435434F29}
		{41543CEA-A2CE-38A3-81DB-8247A416DFFB} = {41543CEA-A2CE-38A3-81DB-8247A416DFFB}
		{C095E705-15E4-33AF-9CF2-F4F839A8A1DE} = {C095E705-15E4-33AF-9CF2-F4F839A8A1DE}
		{990CC341-853D-3E80-A6E3-00E9BB3E10CA} = {990CC341-853D-3E80-A6E3-00E9BB3E10CA}
	EndProjectSection
EndProject
Project("{8BC9CEB8-8B4A-11D0-8D11-00A0C91BC942}") = "tutorial18_billboards", "tutorial18_billboards.vcxproj", "{397D54FA-D2F9-3286-9A87-4ED019541053}"
	ProjectSection(ProjectDependencies) = postProject
		{41543CEA-A2CE-38A3-81DB-8247A416DFFB} = {41543CEA-A2CE-38A3-81DB-8247A416DFFB}
		{C095E705-15E4-33AF-9CF2-F4F839A8A1DE} = {C095E705-15E4-33AF-9CF2-F4F839A8A1DE}
		{990CC341-853D-3E80-A6E3-00E9BB3E10CA} = {990CC341-853D-3E80-A6E3-00E9BB3E10CA}
	EndProjectSection
EndProject
Project("{8BC9CEB8-8B4A-11D0-8D11-00A0C91BC942}") = "tutorial18_particles", "tutorial18_particles.vcxproj", "{8E916953-3138-3F5B-AA08-7DB4322DDC3F}"
	ProjectSection(ProjectDependencies) = postProject
		{41543CEA-A2CE-38A3-81DB-8247A416DFFB} = {41543CEA-A2CE-38A3-81DB-8247A416DFFB}
		{C095E705-15E4-33AF-9CF2-F4F839A8A1DE} = {C095E705-15E4-33AF-9CF2-F4F839A8A1DE}
		{990CC341-853D-3E80-A6E3-00E9BB3E10CA} = {990CC341-853D-3E80-A6E3-00E9BB3E10CA}
	EndProjectSection
EndProject
Project("{8BC9CEB8-8B4A-11D0-8D11-00A0C91BC942}") = "uninstall", "external\glfw-3.1.2\uninstall.vcxproj", "{2CF578E1-4D73-3723-8578-CCD700CD80DC}"
	ProjectSection(ProjectDependencies) = postProject
		{C095E705-15E4-33AF-9CF2-F4F839A8A1DE} = {C095E705-15E4-33AF-9CF2-F4F839A8A1DE}
	EndProjectSection
EndProject
Project("{8BC9CEB8-8B4A-11D0-8D11-00A0C91BC942}") = "wave", "external\glfw-3.1.2\examples\wave.vcxproj", "{D2F2CD3A-03BC-3BC4-9A44-6F8878481956}"
	ProjectSection(ProjectDependencies) = postProject
		{C095E705-15E4-33AF-9CF2-F4F839A8A1DE} = {C095E705-15E4-33AF-9CF2-F4F839A8A1DE}
		{990CC341-853D-3E80-A6E3-00E9BB3E10CA} = {990CC341-853D-3E80-A6E3-00E9BB3E10CA}
	EndProjectSection
EndProject
Project("{8BC9CEB8-8B4A-11D0-8D11-00A0C91BC942}") = "windows", "external\glfw-3.1.2\tests\windows.vcxproj", "{E5EEBFDC-178F-3940-9FEC-F8CB0223856D}"
	ProjectSection(ProjectDependencies) = postProject
		{C095E705-15E4-33AF-9CF2-F4F839A8A1DE} = {C095E705-15E4-33AF-9CF2-F4F839A8A1DE}
		{990CC341-853D-3E80-A6E3-00E9BB3E10CA} = {990CC341-853D-3E80-A6E3-00E9BB3E10CA}
	EndProjectSection
EndProject
Project("{8BC9CEB8-8B4A-11D0-8D11-00A0C91BC942}") = "zlib", "external\assimp-3.0.1270\contrib\zlib\zlib.vcxproj", "{EC1F3A50-BE06-336E-94AB-D4F2754FCAA4}"
	ProjectSection(ProjectDependencies) = postProject
		{C095E705-15E4-33AF-9CF2-F4F839A8A1DE} = {C095E705-15E4-33AF-9CF2-F4F839A8A1DE}
	EndProjectSection
EndProject
Project("{2150E333-8FDC-42A3-9474-1A3956D46DE8}") = "CMakePredefinedTargets", "CMakePredefinedTargets", "{528217C1-93C5-323B-80E8-9930A1F6E8C2}"
EndProject
Project("{2150E333-8FDC-42A3-9474-1A3956D46DE8}") = "GLFW3", "GLFW3", "{725206EC-C6A3-3F25-9790-E4B330CE9991}"
EndProject
Project("{2150E333-8FDC-42A3-9474-1A3956D46DE8}") = "Examples", "GLFW3\Examples", "{365550B0-561C-363D-B8B1-62B859220AAB}"
EndProject
Project("{2150E333-8FDC-42A3-9474-1A3956D46DE8}") = "Tests", "GLFW3\Tests", "{4A8CE416-3386-3568-9AC9-683D1080A522}"
EndProject
Global
	GlobalSection(SolutionConfigurationPlatforms) = preSolution
		Debug|Win32 = Debug|Win32
		Release|Win32 = Release|Win32
		MinSizeRel|Win32 = MinSizeRel|Win32
		RelWithDebInfo|Win32 = RelWithDebInfo|Win32
	EndGlobalSection
	GlobalSection(ProjectConfigurationPlatforms) = postSolution
		{2A3B923C-886A-339E-BE1D-8A785A562DF8}.Debug|Win32.ActiveCfg = Debug|Win32
		{2A3B923C-886A-339E-BE1D-8A785A562DF8}.Debug|Win32.Build.0 = Debug|Win32
		{2A3B923C-886A-339E-BE1D-8A785A562DF8}.Release|Win32.ActiveCfg = Release|Win32
		{2A3B923C-886A-339E-BE1D-8A785A562DF8}.Release|Win32.Build.0 = Release|Win32
		{2A3B923C-886A-339E-BE1D-8A785A562DF8}.MinSizeRel|Win32.ActiveCfg = MinSizeRel|Win32
		{2A3B923C-886A-339E-BE1D-8A785A562DF8}.MinSizeRel|Win32.Build.0 = MinSizeRel|Win32
		{2A3B923C-886A-339E-BE1D-8A785A562DF8}.RelWithDebInfo|Win32.ActiveCfg = RelWithDebInfo|Win32
		{2A3B923C-886A-339E-BE1D-8A785A562DF8}.RelWithDebInfo|Win32.Build.0 = RelWithDebInfo|Win32
		{02204BAD-2E11-3DD7-9B78-936435434F29}.Debug|Win32.ActiveCfg = Debug|Win32
		{02204BAD-2E11-3DD7-9B78-936435434F29}.Debug|Win32.Build.0 = Debug|Win32
		{02204BAD-2E11-3DD7-9B78-936435434F29}.Release|Win32.ActiveCfg = Release|Win32
		{02204BAD-2E11-3DD7-9B78-936435434F29}.Release|Win32.Build.0 = Release|Win32
		{02204BAD-2E11-3DD7-9B78-936435434F29}.MinSizeRel|Win32.ActiveCfg = MinSizeRel|Win32
		{02204BAD-2E11-3DD7-9B78-936435434F29}.MinSizeRel|Win32.Build.0 = MinSizeRel|Win32
		{02204BAD-2E11-3DD7-9B78-936435434F29}.RelWithDebInfo|Win32.ActiveCfg = RelWithDebInfo|Win32
		{02204BAD-2E11-3DD7-9B78-936435434F29}.RelWithDebInfo|Win32.Build.0 = RelWithDebInfo|Win32
		{3389DDEB-0B7C-3C15-AA56-DFB87A2E2299}.Debug|Win32.ActiveCfg = Debug|Win32
		{3389DDEB-0B7C-3C15-AA56-DFB87A2E2299}.Debug|Win32.Build.0 = Debug|Win32
		{3389DDEB-0B7C-3C15-AA56-DFB87A2E2299}.Release|Win32.ActiveCfg = Release|Win32
		{3389DDEB-0B7C-3C15-AA56-DFB87A2E2299}.Release|Win32.Build.0 = Release|Win32
		{3389DDEB-0B7C-3C15-AA56-DFB87A2E2299}.MinSizeRel|Win32.ActiveCfg = MinSizeRel|Win32
		{3389DDEB-0B7C-3C15-AA56-DFB87A2E2299}.MinSizeRel|Win32.Build.0 = MinSizeRel|Win32
		{3389DDEB-0B7C-3C15-AA56-DFB87A2E2299}.RelWithDebInfo|Win32.ActiveCfg = RelWithDebInfo|Win32
		{3389DDEB-0B7C-3C15-AA56-DFB87A2E2299}.RelWithDebInfo|Win32.Build.0 = RelWithDebInfo|Win32
		{301ADDFB-F9C6-3482-86FC-F9802A5F5DF4}.Debug|Win32.ActiveCfg = Debug|Win32
		{301ADDFB-F9C6-3482-86FC-F9802A5F5DF4}.Debug|Win32.Build.0 = Debug|Win32
		{301ADDFB-F9C6-3482-86FC-F9802A5F5DF4}.Release|Win32.ActiveCfg = Release|Win32
		{301ADDFB-F9C6-3482-86FC-F9802A5F5DF4}.Release|Win32.Build.0 = Release|Win32
		{301ADDFB-F9C6-3482-86FC-F9802A5F5DF4}.MinSizeRel|Win32.ActiveCfg = MinSizeRel|Win32
		{301ADDFB-F9C6-3482-86FC-F9802A5F5DF4}.MinSizeRel|Win32.Build.0 = MinSizeRel|Win32
		{301ADDFB-F9C6-3482-86FC-F9802A5F5DF4}.RelWithDebInfo|Win32.ActiveCfg = RelWithDebInfo|Win32
		{301ADDFB-F9C6-3482-86FC-F9802A5F5DF4}.RelWithDebInfo|Win32.Build.0 = RelWithDebInfo|Win32
		{D74E0B48-1051-3B04-AA91-D21D6825CA94}.Debug|Win32.ActiveCfg = Debug|Win32
		{D74E0B48-1051-3B04-AA91-D21D6825CA94}.Debug|Win32.Build.0 = Debug|Win32
		{D74E0B48-1051-3B04-AA91-D21D6825CA94}.Release|Win32.ActiveCfg = Release|Win32
		{D74E0B48-1051-3B04-AA91-D21D6825CA94}.Release|Win32.Build.0 = Release|Win32
		{D74E0B48-1051-3B04-AA91-D21D6825CA94}.MinSizeRel|Win32.ActiveCfg = MinSizeRel|Win32
		{D74E0B48-1051-3B04-AA91-D21D6825CA94}.MinSizeRel|Win32.Build.0 = MinSizeRel|Win32
		{D74E0B48-1051-3B04-AA91-D21D6825CA94}.RelWithDebInfo|Win32.ActiveCfg = RelWithDebInfo|Win32
		{D74E0B48-1051-3B04-AA91-D21D6825CA94}.RelWithDebInfo|Win32.Build.0 = RelWithDebInfo|Win32
		{41543CEA-A2CE-38A3-81DB-8247A416DFFB}.Debug|Win32.ActiveCfg = Debug|Win32
		{41543CEA-A2CE-38A3-81DB-8247A416DFFB}.Debug|Win32.Build.0 = Debug|Win32
		{41543CEA-A2CE-38A3-81DB-8247A416DFFB}.Release|Win32.ActiveCfg = Release|Win32
		{41543CEA-A2CE-38A3-81DB-8247A416DFFB}.Release|Win32.Build.0 = Release|Win32
		{41543CEA-A2CE-38A3-81DB-8247A416DFFB}.MinSizeRel|Win32.ActiveCfg = MinSizeRel|Win32
		{41543CEA-A2CE-38A3-81DB-8247A416DFFB}.MinSizeRel|Win32.Build.0 = MinSizeRel|Win32
		{41543CEA-A2CE-38A3-81DB-8247A416DFFB}.RelWithDebInfo|Win32.ActiveCfg = RelWithDebInfo|Win32
		{41543CEA-A2CE-38A3-81DB-8247A416DFFB}.RelWithDebInfo|Win32.Build.0 = RelWithDebInfo|Win32
		{804E3E4C-56A1-3B60-BB29-A667C8533030}.Debug|Win32.ActiveCfg = Debug|Win32
		{804E3E4C-56A1-3B60-BB29-A667C8533030}.Release|Win32.ActiveCfg = Release|Win32
		{804E3E4C-56A1-3B60-BB29-A667C8533030}.MinSizeRel|Win32.ActiveCfg = MinSizeRel|Win32
		{804E3E4C-56A1-3B60-BB29-A667C8533030}.RelWithDebInfo|Win32.ActiveCfg = RelWithDebInfo|Win32
		{DC15F3B8-0FF7-3970-AD2E-182FF5C44401}.Debug|Win32.ActiveCfg = Debug|Win32
		{DC15F3B8-0FF7-3970-AD2E-182FF5C44401}.Debug|Win32.Build.0 = Debug|Win32
		{DC15F3B8-0FF7-3970-AD2E-182FF5C44401}.Release|Win32.ActiveCfg = Release|Win32
		{DC15F3B8-0FF7-3970-AD2E-182FF5C44401}.Release|Win32.Build.0 = Release|Win32
		{DC15F3B8-0FF7-3970-AD2E-182FF5C44401}.MinSizeRel|Win32.ActiveCfg = MinSizeRel|Win32
		{DC15F3B8-0FF7-3970-AD2E-182FF5C44401}.MinSizeRel|Win32.Build.0 = MinSizeRel|Win32
		{DC15F3B8-0FF7-3970-AD2E-182FF5C44401}.RelWithDebInfo|Win32.ActiveCfg = RelWithDebInfo|Win32
		{DC15F3B8-0FF7-3970-AD2E-182FF5C44401}.RelWithDebInfo|Win32.Build.0 = RelWithDebInfo|Win32
		{C095E705-15E4-33AF-9CF2-F4F839A8A1DE}.Debug|Win32.ActiveCfg = Debug|Win32
		{C095E705-15E4-33AF-9CF2-F4F839A8A1DE}.Debug|Win32.Build.0 = Debug|Win32
		{C095E705-15E4-33AF-9CF2-F4F839A8A1DE}.Release|Win32.ActiveCfg = Release|Win32
		{C095E705-15E4-33AF-9CF2-F4F839A8A1DE}.Release|Win32.Build.0 = Release|Win32
		{C095E705-15E4-33AF-9CF2-F4F839A8A1DE}.MinSizeRel|Win32.ActiveCfg = MinSizeRel|Win32
		{C095E705-15E4-33AF-9CF2-F4F839A8A1DE}.MinSizeRel|Win32.Build.0 = MinSizeRel|Win32
		{C095E705-15E4-33AF-9CF2-F4F839A8A1DE}.RelWithDebInfo|Win32.ActiveCfg = RelWithDebInfo|Win32
		{C095E705-15E4-33AF-9CF2-F4F839A8A1DE}.RelWithDebInfo|Win32.Build.0 = RelWithDebInfo|Win32
		{3D5BFCD3-37B9-3EE3-8279-9AD030B0A119}.Debug|Win32.ActiveCfg = Debug|Win32
		{3D5BFCD3-37B9-3EE3-8279-9AD030B0A119}.Debug|Win32.Build.0 = Debug|Win32
		{3D5BFCD3-37B9-3EE3-8279-9AD030B0A119}.Release|Win32.ActiveCfg = Release|Win32
		{3D5BFCD3-37B9-3EE3-8279-9AD030B0A119}.Release|Win32.Build.0 = Release|Win32
		{3D5BFCD3-37B9-3EE3-8279-9AD030B0A119}.MinSizeRel|Win32.ActiveCfg = MinSizeRel|Win32
		{3D5BFCD3-37B9-3EE3-8279-9AD030B0A119}.MinSizeRel|Win32.Build.0 = MinSizeRel|Win32
		{3D5BFCD3-37B9-3EE3-8279-9AD030B0A119}.RelWithDebInfo|Win32.ActiveCfg = RelWithDebInfo|Win32
		{3D5BFCD3-37B9-3EE3-8279-9AD030B0A119}.RelWithDebInfo|Win32.Build.0 = RelWithDebInfo|Win32
		{AC393041-7E69-3586-B5B8-AE265F0F71D4}.Debug|Win32.ActiveCfg = Debug|Win32
		{AC393041-7E69-3586-B5B8-AE265F0F71D4}.Debug|Win32.Build.0 = Debug|Win32
		{AC393041-7E69-3586-B5B8-AE265F0F71D4}.Release|Win32.ActiveCfg = Release|Win32
		{AC393041-7E69-3586-B5B8-AE265F0F71D4}.Release|Win32.Build.0 = Release|Win32
		{AC393041-7E69-3586-B5B8-AE265F0F71D4}.MinSizeRel|Win32.ActiveCfg = MinSizeRel|Win32
		{AC393041-7E69-3586-B5B8-AE265F0F71D4}.MinSizeRel|Win32.Build.0 = MinSizeRel|Win32
		{AC393041-7E69-3586-B5B8-AE265F0F71D4}.RelWithDebInfo|Win32.ActiveCfg = RelWithDebInfo|Win32
		{AC393041-7E69-3586-B5B8-AE265F0F71D4}.RelWithDebInfo|Win32.Build.0 = RelWithDebInfo|Win32
		{C129DC4B-2F5C-367C-8BD5-BFDD1AD4DD59}.Debug|Win32.ActiveCfg = Debug|Win32
		{C129DC4B-2F5C-367C-8BD5-BFDD1AD4DD59}.Debug|Win32.Build.0 = Debug|Win32
		{C129DC4B-2F5C-367C-8BD5-BFDD1AD4DD59}.Release|Win32.ActiveCfg = Release|Win32
		{C129DC4B-2F5C-367C-8BD5-BFDD1AD4DD59}.Release|Win32.Build.0 = Release|Win32
		{C129DC4B-2F5C-367C-8BD5-BFDD1AD4DD59}.MinSizeRel|Win32.ActiveCfg = MinSizeRel|Win32
		{C129DC4B-2F5C-367C-8BD5-BFDD1AD4DD59}.MinSizeRel|Win32.Build.0 = MinSizeRel|Win32
		{C129DC4B-2F5C-367C-8BD5-BFDD1AD4DD59}.RelWithDebInfo|Win32.ActiveCfg = RelWithDebInfo|Win32
		{C129DC4B-2F5C-367C-8BD5-BFDD1AD4DD59}.RelWithDebInfo|Win32.Build.0 = RelWithDebInfo|Win32
		{1D656B70-A394-35E8-9826-A0D6413F0362}.Debug|Win32.ActiveCfg = Debug|Win32
		{1D656B70-A394-35E8-9826-A0D6413F0362}.Debug|Win32.Build.0 = Debug|Win32
		{1D656B70-A394-35E8-9826-A0D6413F0362}.Release|Win32.ActiveCfg = Release|Win32
		{1D656B70-A394-35E8-9826-A0D6413F0362}.Release|Win32.Build.0 = Release|Win32
		{1D656B70-A394-35E8-9826-A0D6413F0362}.MinSizeRel|Win32.ActiveCfg = MinSizeRel|Win32
		{1D656B70-A394-35E8-9826-A0D6413F0362}.MinSizeRel|Win32.Build.0 = MinSizeRel|Win32
		{1D656B70-A394-35E8-9826-A0D6413F0362}.RelWithDebInfo|Win32.ActiveCfg = RelWithDebInfo|Win32
		{1D656B70-A394-35E8-9826-A0D6413F0362}.RelWithDebInfo|Win32.Build.0 = RelWithDebInfo|Win32
		{E33EC830-03CB-303C-9C61-8619CD11F484}.Debug|Win32.ActiveCfg = Debug|Win32
		{E33EC830-03CB-303C-9C61-8619CD11F484}.Debug|Win32.Build.0 = Debug|Win32
		{E33EC830-03CB-303C-9C61-8619CD11F484}.Release|Win32.ActiveCfg = Release|Win32
		{E33EC830-03CB-303C-9C61-8619CD11F484}.Release|Win32.Build.0 = Release|Win32
		{E33EC830-03CB-303C-9C61-8619CD11F484}.MinSizeRel|Win32.ActiveCfg = MinSizeRel|Win32
		{E33EC830-03CB-303C-9C61-8619CD11F484}.MinSizeRel|Win32.Build.0 = MinSizeRel|Win32
		{E33EC830-03CB-303C-9C61-8619CD11F484}.RelWithDebInfo|Win32.ActiveCfg = RelWithDebInfo|Win32
		{E33EC830-03CB-303C-9C61-8619CD11F484}.RelWithDebInfo|Win32.Build.0 = RelWithDebInfo|Win32
		{101F9357-7619-34BA-B8E2-42E284DB1A21}.Debug|Win32.ActiveCfg = Debug|Win32
		{101F9357-7619-34BA-B8E2-42E284DB1A21}.Debug|Win32.Build.0 = Debug|Win32
		{101F9357-7619-34BA-B8E2-42E284DB1A21}.Release|Win32.ActiveCfg = Release|Win32
		{101F9357-7619-34BA-B8E2-42E284DB1A21}.Release|Win32.Build.0 = Release|Win32
		{101F9357-7619-34BA-B8E2-42E284DB1A21}.MinSizeRel|Win32.ActiveCfg = MinSizeRel|Win32
		{101F9357-7619-34BA-B8E2-42E284DB1A21}.MinSizeRel|Win32.Build.0 = MinSizeRel|Win32
		{101F9357-7619-34BA-B8E2-42E284DB1A21}.RelWithDebInfo|Win32.ActiveCfg = RelWithDebInfo|Win32
		{101F9357-7619-34BA-B8E2-42E284DB1A21}.RelWithDebInfo|Win32.Build.0 = RelWithDebInfo|Win32
		{BA885DB5-BBEC-3340-93B8-63C61E95ACE0}.Debug|Win32.ActiveCfg = Debug|Win32
		{BA885DB5-BBEC-3340-93B8-63C61E95ACE0}.Debug|Win32.Build.0 = Debug|Win32
		{BA885DB5-BBEC-3340-93B8-63C61E95ACE0}.Release|Win32.ActiveCfg = Release|Win32
		{BA885DB5-BBEC-3340-93B8-63C61E95ACE0}.Release|Win32.Build.0 = Release|Win32
		{BA885DB5-BBEC-3340-93B8-63C61E95ACE0}.MinSizeRel|Win32.ActiveCfg = MinSizeRel|Win32
		{BA885DB5-BBEC-3340-93B8-63C61E95ACE0}.MinSizeRel|Win32.Build.0 = MinSizeRel|Win32
		{BA885DB5-BBEC-3340-93B8-63C61E95ACE0}.RelWithDebInfo|Win32.ActiveCfg = RelWithDebInfo|Win32
		{BA885DB5-BBEC-3340-93B8-63C61E95ACE0}.RelWithDebInfo|Win32.Build.0 = RelWithDebInfo|Win32
		{EDCED24D-0953-3659-807B-66EBA8783424}.Debug|Win32.ActiveCfg = Debug|Win32
		{EDCED24D-0953-3659-807B-66EBA8783424}.Debug|Win32.Build.0 = Debug|Win32
		{EDCED24D-0953-3659-807B-66EBA8783424}.Release|Win32.ActiveCfg = Release|Win32
		{EDCED24D-0953-3659-807B-66EBA8783424}.Release|Win32.Build.0 = Release|Win32
		{EDCED24D-0953-3659-807B-66EBA8783424}.MinSizeRel|Win32.ActiveCfg = MinSizeRel|Win32
		{EDCED24D-0953-3659-807B-66EBA8783424}.MinSizeRel|Win32.Build.0 = MinSizeRel|Win32
		{EDCED24D-0953-3659-807B-66EBA8783424}.RelWithDebInfo|Win32.ActiveCfg = RelWithDebInfo|Win32
		{EDCED24D-0953-3659-807B-66EBA8783424}.RelWithDebInfo|Win32.Build.0 = RelWithDebInfo|Win32
		{990CC341-853D-3E80-A6E3-00E9BB3E10CA}.Debug|Win32.ActiveCfg = Debug|Win32
		{990CC341-853D-3E80-A6E3-00E9BB3E10CA}.Debug|Win32.Build.0 = Debug|Win32
		{990CC341-853D-3E80-A6E3-00E9BB3E10CA}.Release|Win32.ActiveCfg = Release|Win32
		{990CC341-853D-3E80-A6E3-00E9BB3E10CA}.Release|Win32.Build.0 = Release|Win32
		{990CC341-853D-3E80-A6E3-00E9BB3E10CA}.MinSizeRel|Win32.ActiveCfg = MinSizeRel|Win32
		{990CC341-853D-3E80-A6E3-00E9BB3E10CA}.MinSizeRel|Win32.Build.0 = MinSizeRel|Win32
		{990CC341-853D-3E80-A6E3-00E9BB3E10CA}.RelWithDebInfo|Win32.ActiveCfg = RelWithDebInfo|Win32
		{990CC341-853D-3E80-A6E3-00E9BB3E10CA}.RelWithDebInfo|Win32.Build.0 = RelWithDebInfo|Win32
		{EAAD8E0A-DB53-30A0-9FEF-D27E0F84F280}.Debug|Win32.ActiveCfg = Debug|Win32
		{EAAD8E0A-DB53-30A0-9FEF-D27E0F84F280}.Debug|Win32.Build.0 = Debug|Win32
		{EAAD8E0A-DB53-30A0-9FEF-D27E0F84F280}.Release|Win32.ActiveCfg = Release|Win32
		{EAAD8E0A-DB53-30A0-9FEF-D27E0F84F280}.Release|Win32.Build.0 = Release|Win32
		{EAAD8E0A-DB53-30A0-9FEF-D27E0F84F280}.MinSizeRel|Win32.ActiveCfg = MinSizeRel|Win32
		{EAAD8E0A-DB53-30A0-9FEF-D27E0F84F280}.MinSizeRel|Win32.Build.0 = MinSizeRel|Win32
		{EAAD8E0A-DB53-30A0-9FEF-D27E0F84F280}.RelWithDebInfo|Win32.ActiveCfg = RelWithDebInfo|Win32
		{EAAD8E0A-DB53-30A0-9FEF-D27E0F84F280}.RelWithDebInfo|Win32.Build.0 = RelWithDebInfo|Win32
		{BB8E8575-602B-3CD2-ADFD-484E7FFF2E4D}.Debug|Win32.ActiveCfg = Debug|Win32
		{BB8E8575-602B-3CD2-ADFD-484E7FFF2E4D}.Debug|Win32.Build.0 = Debug|Win32
		{BB8E8575-602B-3CD2-ADFD-484E7FFF2E4D}.Release|Win32.ActiveCfg = Release|Win32
		{BB8E8575-602B-3CD2-ADFD-484E7FFF2E4D}.Release|Win32.Build.0 = Release|Win32
		{BB8E8575-602B-3CD2-ADFD-484E7FFF2E4D}.MinSizeRel|Win32.ActiveCfg = MinSizeRel|Win32
		{BB8E8575-602B-3CD2-ADFD-484E7FFF2E4D}.MinSizeRel|Win32.Build.0 = MinSizeRel|Win32
		{BB8E8575-602B-3CD2-ADFD-484E7FFF2E4D}.RelWithDebInfo|Win32.ActiveCfg = RelWithDebInfo|Win32
		{BB8E8575-602B-3CD2-ADFD-484E7FFF2E4D}.RelWithDebInfo|Win32.Build.0 = RelWithDebInfo|Win32
		{8B6AE382-58A6-34D6-BCA9-8CB519C7D68C}.Debug|Win32.ActiveCfg = Debug|Win32
		{8B6AE382-58A6-34D6-BCA9-8CB519C7D68C}.Debug|Win32.Build.0 = Debug|Win32
		{8B6AE382-58A6-34D6-BCA9-8CB519C7D68C}.Release|Win32.ActiveCfg = Release|Win32
		{8B6AE382-58A6-34D6-BCA9-8CB519C7D68C}.Release|Win32.Build.0 = Release|Win32
		{8B6AE382-58A6-34D6-BCA9-8CB519C7D68C}.MinSizeRel|Win32.ActiveCfg = MinSizeRel|Win32
		{8B6AE382-58A6-34D6-BCA9-8CB519C7D68C}.MinSizeRel|Win32.Build.0 = MinSizeRel|Win32
		{8B6AE382-58A6-34D6-BCA9-8CB519C7D68C}.RelWithDebInfo|Win32.ActiveCfg = RelWithDebInfo|Win32
		{8B6AE382-58A6-34D6-BCA9-8CB519C7D68C}.RelWithDebInfo|Win32.Build.0 = RelWithDebInfo|Win32
		{073A9F13-0406-35B1-8386-835CB78B5538}.Debug|Win32.ActiveCfg = Debug|Win32
		{073A9F13-0406-35B1-8386-835CB78B5538}.Debug|Win32.Build.0 = Debug|Win32
		{073A9F13-0406-35B1-8386-835CB78B5538}.Release|Win32.ActiveCfg = Release|Win32
		{073A9F13-0406-35B1-8386-835CB78B5538}.Release|Win32.Build.0 = Release|Win32
		{073A9F13-0406-35B1-8386-835CB78B5538}.MinSizeRel|Win32.ActiveCfg = MinSizeRel|Win32
		{073A9F13-0406-35B1-8386-835CB78B5538}.MinSizeRel|Win32.Build.0 = MinSizeRel|Win32
		{073A9F13-0406-35B1-8386-835CB78B5538}.RelWithDebInfo|Win32.ActiveCfg = RelWithDebInfo|Win32
		{073A9F13-0406-35B1-8386-835CB78B5538}.RelWithDebInfo|Win32.Build.0 = RelWithDebInfo|Win32
		{3E2D8B66-C10F-3A7C-BDC6-451D0D1F0189}.Debug|Win32.ActiveCfg = Debug|Win32
		{3E2D8B66-C10F-3A7C-BDC6-451D0D1F0189}.Debug|Win32.Build.0 = Debug|Win32
		{3E2D8B66-C10F-3A7C-BDC6-451D0D1F0189}.Release|Win32.ActiveCfg = Release|Win32
		{3E2D8B66-C10F-3A7C-BDC6-451D0D1F0189}.Release|Win32.Build.0 = Release|Win32
		{3E2D8B66-C10F-3A7C-BDC6-451D0D1F0189}.MinSizeRel|Win32.ActiveCfg = MinSizeRel|Win32
		{3E2D8B66-C10F-3A7C-BDC6-451D0D1F0189}.MinSizeRel|Win32.Build.0 = MinSizeRel|Win32
		{3E2D8B66-C10F-3A7C-BDC6-451D0D1F0189}.RelWithDebInfo|Win32.ActiveCfg = RelWithDebInfo|Win32
		{3E2D8B66-C10F-3A7C-BDC6-451D0D1F0189}.RelWithDebInfo|Win32.Build.0 = RelWithDebInfo|Win32
		{798BE467-76FF-336F-B634-C0145B446455}.Debug|Win32.ActiveCfg = Debug|Win32
		{798BE467-76FF-336F-B634-C0145B446455}.Debug|Win32.Build.0 = Debug|Win32
		{798BE467-76FF-336F-B634-C0145B446455}.Release|Win32.ActiveCfg = Release|Win32
		{798BE467-76FF-336F-B634-C0145B446455}.Release|Win32.Build.0 = Release|Win32
		{798BE467-76FF-336F-B634-C0145B446455}.MinSizeRel|Win32.ActiveCfg = MinSizeRel|Win32
		{798BE467-76FF-336F-B634-C0145B446455}.MinSizeRel|Win32.Build.0 = MinSizeRel|Win32
		{798BE467-76FF-336F-B634-C0145B446455}.RelWithDebInfo|Win32.ActiveCfg = RelWithDebInfo|Win32
		{798BE467-76FF-336F-B634-C0145B446455}.RelWithDebInfo|Win32.Build.0 = RelWithDebInfo|Win32
		{B64D0114-A20D-34BE-AD0E-D6D353064C86}.Debug|Win32.ActiveCfg = Debug|Win32
		{B64D0114-A20D-34BE-AD0E-D6D353064C86}.Debug|Win32.Build.0 = Debug|Win32
		{B64D0114-A20D-34BE-AD0E-D6D353064C86}.Release|Win32.ActiveCfg = Release|Win32
		{B64D0114-A20D-34BE-AD0E-D6D353064C86}.Release|Win32.Build.0 = Release|Win32
		{B64D0114-A20D-34BE-AD0E-D6D353064C86}.MinSizeRel|Win32.ActiveCfg = MinSizeRel|Win32
		{B64D0114-A20D-34BE-AD0E-D6D353064C86}.MinSizeRel|Win32.Build.0 = MinSizeRel|Win32
		{B64D0114-A20D-34BE-AD0E-D6D353064C86}.RelWithDebInfo|Win32.ActiveCfg = RelWithDebInfo|Win32
		{B64D0114-A20D-34BE-AD0E-D6D353064C86}.RelWithDebInfo|Win32.Build.0 = RelWithDebInfo|Win32
		{C4DA2146-0FCE-3474-8BEA-C082680AC281}.Debug|Win32.ActiveCfg = Debug|Win32
		{C4DA2146-0FCE-3474-8BEA-C082680AC281}.Debug|Win32.Build.0 = Debug|Win32
		{C4DA2146-0FCE-3474-8BEA-C082680AC281}.Release|Win32.ActiveCfg = Release|Win32
		{C4DA2146-0FCE-3474-8BEA-C082680AC281}.Release|Win32.Build.0 = Release|Win32
		{C4DA2146-0FCE-3474-8BEA-C082680AC281}.MinSizeRel|Win32.ActiveCfg = MinSizeRel|Win32
		{C4DA2146-0FCE-3474-8BEA-C082680AC281}.MinSizeRel|Win32.Build.0 = MinSizeRel|Win32
		{C4DA2146-0FCE-3474-8BEA-C082680AC281}.RelWithDebInfo|Win32.ActiveCfg = RelWithDebInfo|Win32
		{C4DA2146-0FCE-3474-8BEA-C082680AC281}.RelWithDebInfo|Win32.Build.0 = RelWithDebInfo|Win32
		{97A36895-4F49-3C5F-9E0D-D1D9935EC000}.Debug|Win32.ActiveCfg = Debug|Win32
		{97A36895-4F49-3C5F-9E0D-D1D9935EC000}.Debug|Win32.Build.0 = Debug|Win32
		{97A36895-4F49-3C5F-9E0D-D1D9935EC000}.Release|Win32.ActiveCfg = Release|Win32
		{97A36895-4F49-3C5F-9E0D-D1D9935EC000}.Release|Win32.Build.0 = Release|Win32
		{97A36895-4F49-3C5F-9E0D-D1D9935EC000}.MinSizeRel|Win32.ActiveCfg = MinSizeRel|Win32
		{97A36895-4F49-3C5F-9E0D-D1D9935EC000}.MinSizeRel|Win32.Build.0 = MinSizeRel|Win32
		{97A36895-4F49-3C5F-9E0D-D1D9935EC000}.RelWithDebInfo|Win32.ActiveCfg = RelWithDebInfo|Win32
		{97A36895-4F49-3C5F-9E0D-D1D9935EC000}.RelWithDebInfo|Win32.Build.0 = RelWithDebInfo|Win32
		{98A37385-4191-3227-B94B-1DC2BF57733C}.Debug|Win32.ActiveCfg = Debug|Win32
		{98A37385-4191-3227-B94B-1DC2BF57733C}.Debug|Win32.Build.0 = Debug|Win32
		{98A37385-4191-3227-B94B-1DC2BF57733C}.Release|Win32.ActiveCfg = Release|Win32
		{98A37385-4191-3227-B94B-1DC2BF57733C}.Release|Win32.Build.0 = Release|Win32
		{98A37385-4191-3227-B94B-1DC2BF57733C}.MinSizeRel|Win32.ActiveCfg = MinSizeRel|Win32
		{98A37385-4191-3227-B94B-1DC2BF57733C}.MinSizeRel|Win32.Build.0 = MinSizeRel|Win32
		{98A37385-4191-3227-B94B-1DC2BF57733C}.RelWithDebInfo|Win32.ActiveCfg = RelWithDebInfo|Win32
		{98A37385-4191-3227-B94B-1DC2BF57733C}.RelWithDebInfo|Win32.Build.0 = RelWithDebInfo|Win32
		{5432ECCE-A64A-3C26-9824-2895AA261B1A}.Debug|Win32.ActiveCfg = Debug|Win32
		{5432ECCE-A64A-3C26-9824-2895AA261B1A}.Debug|Win32.Build.0 = Debug|Win32
		{5432ECCE-A64A-3C26-9824-2895AA261B1A}.Release|Win32.ActiveCfg = Release|Win32
		{5432ECCE-A64A-3C26-9824-2895AA261B1A}.Release|Win32.Build.0 = Release|Win32
		{5432ECCE-A64A-3C26-9824-2895AA261B1A}.MinSizeRel|Win32.ActiveCfg = MinSizeRel|Win32
		{5432ECCE-A64A-3C26-9824-2895AA261B1A}.MinSizeRel|Win32.Build.0 = MinSizeRel|Win32
		{5432ECCE-A64A-3C26-9824-2895AA261B1A}.RelWithDebInfo|Win32.ActiveCfg = RelWithDebInfo|Win32
		{5432ECCE-A64A-3C26-9824-2895AA261B1A}.RelWithDebInfo|Win32.Build.0 = RelWithDebInfo|Win32
		{FA5CC8BD-BFD8-30F9-ABE8-79A9448A3684}.Debug|Win32.ActiveCfg = Debug|Win32
		{FA5CC8BD-BFD8-30F9-ABE8-79A9448A3684}.Debug|Win32.Build.0 = Debug|Win32
		{FA5CC8BD-BFD8-30F9-ABE8-79A9448A3684}.Release|Win32.ActiveCfg = Release|Win32
		{FA5CC8BD-BFD8-30F9-ABE8-79A9448A3684}.Release|Win32.Build.0 = Release|Win32
		{FA5CC8BD-BFD8-30F9-ABE8-79A9448A3684}.MinSizeRel|Win32.ActiveCfg = MinSizeRel|Win32
		{FA5CC8BD-BFD8-30F9-ABE8-79A9448A3684}.MinSizeRel|Win32.Build.0 = MinSizeRel|Win32
		{FA5CC8BD-BFD8-30F9-ABE8-79A9448A3684}.RelWithDebInfo|Win32.ActiveCfg = RelWithDebInfo|Win32
		{FA5CC8BD-BFD8-30F9-ABE8-79A9448A3684}.RelWithDebInfo|Win32.Build.0 = RelWithDebInfo|Win32
		{A560BAE3-2E47-3D85-895F-D8F148F0B28E}.Debug|Win32.ActiveCfg = Debug|Win32
		{A560BAE3-2E47-3D85-895F-D8F148F0B28E}.Debug|Win32.Build.0 = Debug|Win32
		{A560BAE3-2E47-3D85-895F-D8F148F0B28E}.Release|Win32.ActiveCfg = Release|Win32
		{A560BAE3-2E47-3D85-895F-D8F148F0B28E}.Release|Win32.Build.0 = Release|Win32
		{A560BAE3-2E47-3D85-895F-D8F148F0B28E}.MinSizeRel|Win32.ActiveCfg = MinSizeRel|Win32
		{A560BAE3-2E47-3D85-895F-D8F148F0B28E}.MinSizeRel|Win32.Build.0 = MinSizeRel|Win32
		{A560BAE3-2E47-3D85-895F-D8F148F0B28E}.RelWithDebInfo|Win32.ActiveCfg = RelWithDebInfo|Win32
		{A560BAE3-2E47-3D85-895F-D8F148F0B28E}.RelWithDebInfo|Win32.Build.0 = RelWithDebInfo|Win32
		{AE44CA6B-19AC-39F8-BE7D-C458C782F389}.Debug|Win32.ActiveCfg = Debug|Win32
		{AE44CA6B-19AC-39F8-BE7D-C458C782F389}.Debug|Win32.Build.0 = Debug|Win32
		{AE44CA6B-19AC-39F8-BE7D-C458C782F389}.Release|Win32.ActiveCfg = Release|Win32
		{AE44CA6B-19AC-39F8-BE7D-C458C782F389}.Release|Win32.Build.0 = Release|Win32
		{AE44CA6B-19AC-39F8-BE7D-C458C782F389}.MinSizeRel|Win32.ActiveCfg = MinSizeRel|Win32
		{AE44CA6B-19AC-39F8-BE7D-C458C782F389}.MinSizeRel|Win32.Build.0 = MinSizeRel|Win32
		{AE44CA6B-19AC-39F8-BE7D-C458C782F389}.RelWithDebInfo|Win32.ActiveCfg = RelWithDebInfo|Win32
		{AE44CA6B-19AC-39F8-BE7D-C458C782F389}.RelWithDebInfo|Win32.Build.0 = RelWithDebInfo|Win32
		{50DFFB73-CB5F-3BC2-AE9C-B5746B96E801}.Debug|Win32.ActiveCfg = Debug|Win32
		{50DFFB73-CB5F-3BC2-AE9C-B5746B96E801}.Debug|Win32.Build.0 = Debug|Win32
		{50DFFB73-CB5F-3BC2-AE9C-B5746B96E801}.Release|Win32.ActiveCfg = Release|Win32
		{50DFFB73-CB5F-3BC2-AE9C-B5746B96E801}.Release|Win32.Build.0 = Release|Win32
		{50DFFB73-CB5F-3BC2-AE9C-B5746B96E801}.MinSizeRel|Win32.ActiveCfg = MinSizeRel|Win32
		{50DFFB73-CB5F-3BC2-AE9C-B5746B96E801}.MinSizeRel|Win32.Build.0 = MinSizeRel|Win32
		{50DFFB73-CB5F-3BC2-AE9C-B5746B96E801}.RelWithDebInfo|Win32.ActiveCfg = RelWithDebInfo|Win32
		{50DFFB73-CB5F-3BC2-AE9C-B5746B96E801}.RelWithDebInfo|Win32.Build.0 = RelWithDebInfo|Win32
		{3970C9CB-07F3-356E-B029-394A883F8D8D}.Debug|Win32.ActiveCfg = Debug|Win32
		{3970C9CB-07F3-356E-B029-394A883F8D8D}.Debug|Win32.Build.0 = Debug|Win32
		{3970C9CB-07F3-356E-B029-394A883F8D8D}.Release|Win32.ActiveCfg = Release|Win32
		{3970C9CB-07F3-356E-B029-394A883F8D8D}.Release|Win32.Build.0 = Release|Win32
		{3970C9CB-07F3-356E-B029-394A883F8D8D}.MinSizeRel|Win32.ActiveCfg = MinSizeRel|Win32
		{3970C9CB-07F3-356E-B029-394A883F8D8D}.MinSizeRel|Win32.Build.0 = MinSizeRel|Win32
		{3970C9CB-07F3-356E-B029-394A883F8D8D}.RelWithDebInfo|Win32.ActiveCfg = RelWithDebInfo|Win32
		{3970C9CB-07F3-356E-B029-394A883F8D8D}.RelWithDebInfo|Win32.Build.0 = RelWithDebInfo|Win32
		{339914C1-3C62-3FA9-854B-DF81BA79F45A}.Debug|Win32.ActiveCfg = Debug|Win32
		{339914C1-3C62-3FA9-854B-DF81BA79F45A}.Debug|Win32.Build.0 = Debug|Win32
		{339914C1-3C62-3FA9-854B-DF81BA79F45A}.Release|Win32.ActiveCfg = Release|Win32
		{339914C1-3C62-3FA9-854B-DF81BA79F45A}.Release|Win32.Build.0 = Release|Win32
		{339914C1-3C62-3FA9-854B-DF81BA79F45A}.MinSizeRel|Win32.ActiveCfg = MinSizeRel|Win32
		{339914C1-3C62-3FA9-854B-DF81BA79F45A}.MinSizeRel|Win32.Build.0 = MinSizeRel|Win32
		{339914C1-3C62-3FA9-854B-DF81BA79F45A}.RelWithDebInfo|Win32.ActiveCfg = RelWithDebInfo|Win32
		{339914C1-3C62-3FA9-854B-DF81BA79F45A}.RelWithDebInfo|Win32.Build.0 = RelWithDebInfo|Win32
		{BF3F9043-6F7E-3D42-9769-ED36EF885AEA}.Debug|Win32.ActiveCfg = Debug|Win32
		{BF3F9043-6F7E-3D42-9769-ED36EF885AEA}.Debug|Win32.Build.0 = Debug|Win32
		{BF3F9043-6F7E-3D42-9769-ED36EF885AEA}.Release|Win32.ActiveCfg = Release|Win32
		{BF3F9043-6F7E-3D42-9769-ED36EF885AEA}.Release|Win32.Build.0 = Release|Win32
		{BF3F9043-6F7E-3D42-9769-ED36EF885AEA}.MinSizeRel|Win32.ActiveCfg = MinSizeRel|Win32
		{BF3F9043-6F7E-3D42-9769-ED36EF885AEA}.MinSizeRel|Win32.Build.0 = MinSizeRel|Win32
		{BF3F9043-6F7E-3D42-9769-ED36EF885AEA}.RelWithDebInfo|Win32.ActiveCfg = RelWithDebInfo|Win32
		{BF3F9043-6F7E-3D42-9769-ED36EF885AEA}.RelWithDebInfo|Win32.Build.0 = RelWithDebInfo|Win32
		{41AD209A-D764-3B79-B3F5-8783CF6E1B13}.Debug|Win32.ActiveCfg = Debug|Win32
		{41AD209A-D764-3B79-B3F5-8783CF6E1B13}.Debug|Win32.Build.0 = Debug|Win32
		{41AD209A-D764-3B79-B3F5-8783CF6E1B13}.Release|Win32.ActiveCfg = Release|Win32
		{41AD209A-D764-3B79-B3F5-8783CF6E1B13}.Release|Win32.Build.0 = Release|Win32
		{41AD209A-D764-3B79-B3F5-8783CF6E1B13}.MinSizeRel|Win32.ActiveCfg = MinSizeRel|Win32
		{41AD209A-D764-3B79-B3F5-8783CF6E1B13}.MinSizeRel|Win32.Build.0 = MinSizeRel|Win32
		{41AD209A-D764-3B79-B3F5-8783CF6E1B13}.RelWithDebInfo|Win32.ActiveCfg = RelWithDebInfo|Win32
		{41AD209A-D764-3B79-B3F5-8783CF6E1B13}.RelWithDebInfo|Win32.Build.0 = RelWithDebInfo|Win32
		{221D4453-686B-3952-BE22-CC6418D02260}.Debug|Win32.ActiveCfg = Debug|Win32
		{221D4453-686B-3952-BE22-CC6418D02260}.Debug|Win32.Build.0 = Debug|Win32
		{221D4453-686B-3952-BE22-CC6418D02260}.Release|Win32.ActiveCfg = Release|Win32
		{221D4453-686B-3952-BE22-CC6418D02260}.Release|Win32.Build.0 = Release|Win32
		{221D4453-686B-3952-BE22-CC6418D02260}.MinSizeRel|Win32.ActiveCfg = MinSizeRel|Win32
		{221D4453-686B-3952-BE22-CC6418D02260}.MinSizeRel|Win32.Build.0 = MinSizeRel|Win32
		{221D4453-686B-3952-BE22-CC6418D02260}.RelWithDebInfo|Win32.ActiveCfg = RelWithDebInfo|Win32
		{221D4453-686B-3952-BE22-CC6418D02260}.RelWithDebInfo|Win32.Build.0 = RelWithDebInfo|Win32
		{931DCC71-3EDD-3EC7-957B-D1FF55D1EAC7}.Debug|Win32.ActiveCfg = Debug|Win32
		{931DCC71-3EDD-3EC7-957B-D1FF55D1EAC7}.Debug|Win32.Build.0 = Debug|Win32
		{931DCC71-3EDD-3EC7-957B-D1FF55D1EAC7}.Release|Win32.ActiveCfg = Release|Win32
		{931DCC71-3EDD-3EC7-957B-D1FF55D1EAC7}.Release|Win32.Build.0 = Release|Win32
		{931DCC71-3EDD-3EC7-957B-D1FF55D1EAC7}.MinSizeRel|Win32.ActiveCfg = MinSizeRel|Win32
		{931DCC71-3EDD-3EC7-957B-D1FF55D1EAC7}.MinSizeRel|Win32.Build.0 = MinSizeRel|Win32
		{931DCC71-3EDD-3EC7-957B-D1FF55D1EAC7}.RelWithDebInfo|Win32.ActiveCfg = RelWithDebInfo|Win32
		{931DCC71-3EDD-3EC7-957B-D1FF55D1EAC7}.RelWithDebInfo|Win32.Build.0 = RelWithDebInfo|Win32
		{3A62DC23-91CD-3067-8656-C690B255BFE2}.Debug|Win32.ActiveCfg = Debug|Win32
		{3A62DC23-91CD-3067-8656-C690B255BFE2}.Debug|Win32.Build.0 = Debug|Win32
		{3A62DC23-91CD-3067-8656-C690B255BFE2}.Release|Win32.ActiveCfg = Release|Win32
		{3A62DC23-91CD-3067-8656-C690B255BFE2}.Release|Win32.Build.0 = Release|Win32
		{3A62DC23-91CD-3067-8656-C690B255BFE2}.MinSizeRel|Win32.ActiveCfg = MinSizeRel|Win32
		{3A62DC23-91CD-3067-8656-C690B255BFE2}.MinSizeRel|Win32.Build.0 = MinSizeRel|Win32
		{3A62DC23-91CD-3067-8656-C690B255BFE2}.RelWithDebInfo|Win32.ActiveCfg = RelWithDebInfo|Win32
		{3A62DC23-91CD-3067-8656-C690B255BFE2}.RelWithDebInfo|Win32.Build.0 = RelWithDebInfo|Win32
		{2CDCE288-3B1A-3634-9CAF-512D311E4B8C}.Debug|Win32.ActiveCfg = Debug|Win32
		{2CDCE288-3B1A-3634-9CAF-512D311E4B8C}.Debug|Win32.Build.0 = Debug|Win32
		{2CDCE288-3B1A-3634-9CAF-512D311E4B8C}.Release|Win32.ActiveCfg = Release|Win32
		{2CDCE288-3B1A-3634-9CAF-512D311E4B8C}.Release|Win32.Build.0 = Release|Win32
		{2CDCE288-3B1A-3634-9CAF-512D311E4B8C}.MinSizeRel|Win32.ActiveCfg = MinSizeRel|Win32
		{2CDCE288-3B1A-3634-9CAF-512D311E4B8C}.MinSizeRel|Win32.Build.0 = MinSizeRel|Win32
		{2CDCE288-3B1A-3634-9CAF-512D311E4B8C}.RelWithDebInfo|Win32.ActiveCfg = RelWithDebInfo|Win32
		{2CDCE288-3B1A-3634-9CAF-512D311E4B8C}.RelWithDebInfo|Win32.Build.0 = RelWithDebInfo|Win32
		{CF3DF38D-28E1-33EC-9070-762485F42DE3}.Debug|Win32.ActiveCfg = Debug|Win32
		{CF3DF38D-28E1-33EC-9070-762485F42DE3}.Debug|Win32.Build.0 = Debug|Win32
		{CF3DF38D-28E1-33EC-9070-762485F42DE3}.Release|Win32.ActiveCfg = Release|Win32
		{CF3DF38D-28E1-33EC-9070-762485F42DE3}.Release|Win32.Build.0 = Release|Win32
		{CF3DF38D-28E1-33EC-9070-762485F42DE3}.MinSizeRel|Win32.ActiveCfg = MinSizeRel|Win32
		{CF3DF38D-28E1-33EC-9070-762485F42DE3}.MinSizeRel|Win32.Build.0 = MinSizeRel|Win32
		{CF3DF38D-28E1-33EC-9070-762485F42DE3}.RelWithDebInfo|Win32.ActiveCfg = RelWithDebInfo|Win32
		{CF3DF38D-28E1-33EC-9070-762485F42DE3}.RelWithDebInfo|Win32.Build.0 = RelWithDebInfo|Win32
		{6040EEC7-AD64-30D5-ADFC-6BCD44CDEA0E}.Debug|Win32.ActiveCfg = Debug|Win32
		{6040EEC7-AD64-30D5-ADFC-6BCD44CDEA0E}.Debug|Win32.Build.0 = Debug|Win32
		{6040EEC7-AD64-30D5-ADFC-6BCD44CDEA0E}.Release|Win32.ActiveCfg = Release|Win32
		{6040EEC7-AD64-30D5-ADFC-6BCD44CDEA0E}.Release|Win32.Build.0 = Release|Win32
		{6040EEC7-AD64-30D5-ADFC-6BCD44CDEA0E}.MinSizeRel|Win32.ActiveCfg = MinSizeRel|Win32
		{6040EEC7-AD64-30D5-ADFC-6BCD44CDEA0E}.MinSizeRel|Win32.Build.0 = MinSizeRel|Win32
		{6040EEC7-AD64-30D5-ADFC-6BCD44CDEA0E}.RelWithDebInfo|Win32.ActiveCfg = RelWithDebInfo|Win32
		{6040EEC7-AD64-30D5-ADFC-6BCD44CDEA0E}.RelWithDebInfo|Win32.Build.0 = RelWithDebInfo|Win32
		{13BD898B-5C9E-3C75-9EDD-33E685DFC02B}.Debug|Win32.ActiveCfg = Debug|Win32
		{13BD898B-5C9E-3C75-9EDD-33E685DFC02B}.Debug|Win32.Build.0 = Debug|Win32
		{13BD898B-5C9E-3C75-9EDD-33E685DFC02B}.Release|Win32.ActiveCfg = Release|Win32
		{13BD898B-5C9E-3C75-9EDD-33E685DFC02B}.Release|Win32.Build.0 = Release|Win32
		{13BD898B-5C9E-3C75-9EDD-33E685DFC02B}.MinSizeRel|Win32.ActiveCfg = MinSizeRel|Win32
		{13BD898B-5C9E-3C75-9EDD-33E685DFC02B}.MinSizeRel|Win32.Build.0 = MinSizeRel|Win32
		{13BD898B-5C9E-3C75-9EDD-33E685DFC02B}.RelWithDebInfo|Win32.ActiveCfg = RelWithDebInfo|Win32
		{13BD898B-5C9E-3C75-9EDD-33E685DFC02B}.RelWithDebInfo|Win32.Build.0 = RelWithDebInfo|Win32
		{981789F9-CD82-30F3-81CF-854F915071FE}.Debug|Win32.ActiveCfg = Debug|Win32
		{981789F9-CD82-30F3-81CF-854F915071FE}.Debug|Win32.Build.0 = Debug|Win32
		{981789F9-CD82-30F3-81CF-854F915071FE}.Release|Win32.ActiveCfg = Release|Win32
		{981789F9-CD82-30F3-81CF-854F915071FE}.Release|Win32.Build.0 = Release|Win32
		{981789F9-CD82-30F3-81CF-854F915071FE}.MinSizeRel|Win32.ActiveCfg = MinSizeRel|Win32
		{981789F9-CD82-30F3-81CF-854F915071FE}.MinSizeRel|Win32.Build.0 = MinSizeRel|Win32
		{981789F9-CD82-30F3-81CF-854F915071FE}.RelWithDebInfo|Win32.ActiveCfg = RelWithDebInfo|Win32
		{981789F9-CD82-30F3-81CF-854F915071FE}.RelWithDebInfo|Win32.Build.0 = RelWithDebInfo|Win32
		{0A881F31-BF9D-3DA8-8D79-F2FC077D1184}.Debug|Win32.ActiveCfg = Debug|Win32
		{0A881F31-BF9D-3DA8-8D79-F2FC077D1184}.Debug|Win32.Build.0 = Debug|Win32
		{0A881F31-BF9D-3DA8-8D79-F2FC077D1184}.Release|Win32.ActiveCfg = Release|Win32
		{0A881F31-BF9D-3DA8-8D79-F2FC077D1184}.Release|Win32.Build.0 = Release|Win32
		{0A881F31-BF9D-3DA8-8D79-F2FC077D1184}.MinSizeRel|Win32.ActiveCfg = MinSizeRel|Win32
		{0A881F31-BF9D-3DA8-8D79-F2FC077D1184}.MinSizeRel|Win32.Build.0 = MinSizeRel|Win32
		{0A881F31-BF9D-3DA8-8D79-F2FC077D1184}.RelWithDebInfo|Win32.ActiveCfg = RelWithDebInfo|Win32
		{0A881F31-BF9D-3DA8-8D79-F2FC077D1184}.RelWithDebInfo|Win32.Build.0 = RelWithDebInfo|Win32
		{0FBD34C7-5BA5-3EA6-BFF2-4E2959AAC92A}.Debug|Win32.ActiveCfg = Debug|Win32
		{0FBD34C7-5BA5-3EA6-BFF2-4E2959AAC92A}.Debug|Win32.Build.0 = Debug|Win32
		{0FBD34C7-5BA5-3EA6-BFF2-4E2959AAC92A}.Release|Win32.ActiveCfg = Release|Win32
		{0FBD34C7-5BA5-3EA6-BFF2-4E2959AAC92A}.Release|Win32.Build.0 = Release|Win32
		{0FBD34C7-5BA5-3EA6-BFF2-4E2959AAC92A}.MinSizeRel|Win32.ActiveCfg = MinSizeRel|Win32
		{0FBD34C7-5BA5-3EA6-BFF2-4E2959AAC92A}.MinSizeRel|Win32.Build.0 = MinSizeRel|Win32
		{0FBD34C7-5BA5-3EA6-BFF2-4E2959AAC92A}.RelWithDebInfo|Win32.ActiveCfg = RelWithDebInfo|Win32
		{0FBD34C7-5BA5-3EA6-BFF2-4E2959AAC92A}.RelWithDebInfo|Win32.Build.0 = RelWithDebInfo|Win32
		{9EDF0113-708F-3BBA-A80F-8554AB9ADF18}.Debug|Win32.ActiveCfg = Debug|Win32
		{9EDF0113-708F-3BBA-A80F-8554AB9ADF18}.Debug|Win32.Build.0 = Debug|Win32
		{9EDF0113-708F-3BBA-A80F-8554AB9ADF18}.Release|Win32.ActiveCfg = Release|Win32
		{9EDF0113-708F-3BBA-A80F-8554AB9ADF18}.Release|Win32.Build.0 = Release|Win32
		{9EDF0113-708F-3BBA-A80F-8554AB9ADF18}.MinSizeRel|Win32.ActiveCfg = MinSizeRel|Win32
		{9EDF0113-708F-3BBA-A80F-8554AB9ADF18}.MinSizeRel|Win32.Build.0 = MinSizeRel|Win32
		{9EDF0113-708F-3BBA-A80F-8554AB9ADF18}.RelWithDebInfo|Win32.ActiveCfg = RelWithDebInfo|Win32
		{9EDF0113-708F-3BBA-A80F-8554AB9ADF18}.RelWithDebInfo|Win32.Build.0 = RelWithDebInfo|Win32
		{FAEAAC1A-69B5-3EFC-A01C-8AF507B23885}.Debug|Win32.ActiveCfg = Debug|Win32
		{FAEAAC1A-69B5-3EFC-A01C-8AF507B23885}.Debug|Win32.Build.0 = Debug|Win32
		{FAEAAC1A-69B5-3EFC-A01C-8AF507B23885}.Release|Win32.ActiveCfg = Release|Win32
		{FAEAAC1A-69B5-3EFC-A01C-8AF507B23885}.Release|Win32.Build.0 = Release|Win32
		{FAEAAC1A-69B5-3EFC-A01C-8AF507B23885}.MinSizeRel|Win32.ActiveCfg = MinSizeRel|Win32
		{FAEAAC1A-69B5-3EFC-A01C-8AF507B23885}.MinSizeRel|Win32.Build.0 = MinSizeRel|Win32
		{FAEAAC1A-69B5-3EFC-A01C-8AF507B23885}.RelWithDebInfo|Win32.ActiveCfg = RelWithDebInfo|Win32
		{FAEAAC1A-69B5-3EFC-A01C-8AF507B23885}.RelWithDebInfo|Win32.Build.0 = RelWithDebInfo|Win32
		{8083898D-835A-3834-9FCA-FC33BAE3FE98}.Debug|Win32.ActiveCfg = Debug|Win32
		{8083898D-835A-3834-9FCA-FC33BAE3FE98}.Debug|Win32.Build.0 = Debug|Win32
		{8083898D-835A-3834-9FCA-FC33BAE3FE98}.Release|Win32.ActiveCfg = Release|Win32
		{8083898D-835A-3834-9FCA-FC33BAE3FE98}.Release|Win32.Build.0 = Release|Win32
		{8083898D-835A-3834-9FCA-FC33BAE3FE98}.MinSizeRel|Win32.ActiveCfg = MinSizeRel|Win32
		{8083898D-835A-3834-9FCA-FC33BAE3FE98}.MinSizeRel|Win32.Build.0 = MinSizeRel|Win32
		{8083898D-835A-3834-9FCA-FC33BAE3FE98}.RelWithDebInfo|Win32.ActiveCfg = RelWithDebInfo|Win32
		{8083898D-835A-3834-9FCA-FC33BAE3FE98}.RelWithDebInfo|Win32.Build.0 = RelWithDebInfo|Win32
		{33E87C05-A5DC-3BB5-97FA-51717EF5B87A}.Debug|Win32.ActiveCfg = Debug|Win32
		{33E87C05-A5DC-3BB5-97FA-51717EF5B87A}.Debug|Win32.Build.0 = Debug|Win32
		{33E87C05-A5DC-3BB5-97FA-51717EF5B87A}.Release|Win32.ActiveCfg = Release|Win32
		{33E87C05-A5DC-3BB5-97FA-51717EF5B87A}.Release|Win32.Build.0 = Release|Win32
		{33E87C05-A5DC-3BB5-97FA-51717EF5B87A}.MinSizeRel|Win32.ActiveCfg = MinSizeRel|Win32
		{33E87C05-A5DC-3BB5-97FA-51717EF5B87A}.MinSizeRel|Win32.Build.0 = MinSizeRel|Win32
		{33E87C05-A5DC-3BB5-97FA-51717EF5B87A}.RelWithDebInfo|Win32.ActiveCfg = RelWithDebInfo|Win32
		{33E87C05-A5DC-3BB5-97FA-51717EF5B87A}.RelWithDebInfo|Win32.Build.0 = RelWithDebInfo|Win32
		{C0A9CA0E-C93B-38FC-8D72-1F5E10B851D4}.Debug|Win32.ActiveCfg = Debug|Win32
		{C0A9CA0E-C93B-38FC-8D72-1F5E10B851D4}.Debug|Win32.Build.0 = Debug|Win32
		{C0A9CA0E-C93B-38FC-8D72-1F5E10B851D4}.Release|Win32.ActiveCfg = Release|Win32
		{C0A9CA0E-C93B-38FC-8D72-1F5E10B851D4}.Release|Win32.Build.0 = Release|Win32
		{C0A9CA0E-C93B-38FC-8D72-1F5E10B851D4}.MinSizeRel|Win32.ActiveCfg = MinSizeRel|Win32
		{C0A9CA0E-C93B-38FC-8D72-1F5E10B851D4}.MinSizeRel|Win32.Build.0 = MinSizeRel|Win32
		{C0A9CA0E-C93B-38FC-8D72-1F5E10B851D4}.RelWithDebInfo|Win32.ActiveCfg = RelWithDebInfo|Win32
		{C0A9CA0E-C93B-38FC-8D72-1F5E10B851D4}.RelWithDebInfo|Win32.Build.0 = RelWithDebInfo|Win32
		{722826C1-9390-3C27-8422-0AEA8FE9F3E9}.Debug|Win32.ActiveCfg = Debug|Win32
		{722826C1-9390-3C27-8422-0AEA8FE9F3E9}.Debug|Win32.Build.0 = Debug|Win32
		{722826C1-9390-3C27-8422-0AEA8FE9F3E9}.Release|Win32.ActiveCfg = Release|Win32
		{722826C1-9390-3C27-8422-0AEA8FE9F3E9}.Release|Win32.Build.0 = Release|Win32
		{722826C1-9390-3C27-8422-0AEA8FE9F3E9}.MinSizeRel|Win32.ActiveCfg = MinSizeRel|Win32
		{722826C1-9390-3C27-8422-0AEA8FE9F3E9}.MinSizeRel|Win32.Build.0 = MinSizeRel|Win32
		{722826C1-9390-3C27-8422-0AEA8FE9F3E9}.RelWithDebInfo|Win32.ActiveCfg = RelWithDebInfo|Win32
		{722826C1-9390-3C27-8422-0AEA8FE9F3E9}.RelWithDebInfo|Win32.Build.0 = RelWithDebInfo|Win32
		{265751D1-85B6-37F8-B670-9963FC3F9821}.Debug|Win32.ActiveCfg = Debug|Win32
		{265751D1-85B6-37F8-B670-9963FC3F9821}.Debug|Win32.Build.0 = Debug|Win32
		{265751D1-85B6-37F8-B670-9963FC3F9821}.Release|Win32.ActiveCfg = Release|Win32
		{265751D1-85B6-37F8-B670-9963FC3F9821}.Release|Win32.Build.0 = Release|Win32
		{265751D1-85B6-37F8-B670-9963FC3F9821}.MinSizeRel|Win32.ActiveCfg = MinSizeRel|Win32
		{265751D1-85B6-37F8-B670-9963FC3F9821}.MinSizeRel|Win32.Build.0 = MinSizeRel|Win32
		{265751D1-85B6-37F8-B670-9963FC3F9821}.RelWithDebInfo|Win32.ActiveCfg = RelWithDebInfo|Win32
		{265751D1-85B6-37F8-B670-9963FC3F9821}.RelWithDebInfo|Win32.Build.0 = RelWithDebInfo|Win32
		{74157343-DBE6-3134-A6F3-414363E5137F}.Debug|Win32.ActiveCfg = Debug|Win32
		{74157343-DBE6-3134-A6F3-414363E5137F}.Debug|Win32.Build.0 = Debug|Win32
		{74157343-DBE6-3134-A6F3-414363E5137F}.Release|Win32.ActiveCfg = Release|Win32
		{74157343-DBE6-3134-A6F3-414363E5137F}.Release|Win32.Build.0 = Release|Win32
		{74157343-DBE6-3134-A6F3-414363E5137F}.MinSizeRel|Win32.ActiveCfg = MinSizeRel|Win32
		{74157343-DBE6-3134-A6F3-414363E5137F}.MinSizeRel|Win32.Build.0 = MinSizeRel|Win32
		{74157343-DBE6-3134-A6F3-414363E5137F}.RelWithDebInfo|Win32.ActiveCfg = RelWithDebInfo|Win32
		{74157343-DBE6-3134-A6F3-414363E5137F}.RelWithDebInfo|Win32.Build.0 = RelWithDebInfo|Win32
		{6AC21AC2-A34F-3F66-B8FD-31AE95C9DBBB}.Debug|Win32.ActiveCfg = Debug|Win32
		{6AC21AC2-A34F-3F66-B8FD-31AE95C9DBBB}.Debug|Win32.Build.0 = Debug|Win32
		{6AC21AC2-A34F-3F66-B8FD-31AE95C9DBBB}.Release|Win32.ActiveCfg = Release|Win32
		{6AC21AC2-A34F-3F66-B8FD-31AE95C9DBBB}.Release|Win32.Build.0 = Release|Win32
		{6AC21AC2-A34F-3F66-B8FD-31AE95C9DBBB}.MinSizeRel|Win32.ActiveCfg = MinSizeRel|Win32
		{6AC21AC2-A34F-3F66-B8FD-31AE95C9DBBB}.MinSizeRel|Win32.Build.0 = MinSizeRel|Win32
		{6AC21AC2-A34F-3F66-B8FD-31AE95C9DBBB}.RelWithDebInfo|Win32.ActiveCfg = RelWithDebInfo|Win32
		{6AC21AC2-A34F-3F66-B8FD-31AE95C9DBBB}.RelWithDebInfo|Win32.Build.0 = RelWithDebInfo|Win32
		{397D54FA-D2F9-3286-9A87-4ED019541053}.Debug|Win32.ActiveCfg = Debug|Win32
		{397D54FA-D2F9-3286-9A87-4ED019541053}.Debug|Win32.Build.0 = Debug|Win32
		{397D54FA-D2F9-3286-9A87-4ED019541053}.Release|Win32.ActiveCfg = Release|Win32
		{397D54FA-D2F9-3286-9A87-4ED019541053}.Release|Win32.Build.0 = Release|Win32
		{397D54FA-D2F9-3286-9A87-4ED019541053}.MinSizeRel|Win32.ActiveCfg = MinSizeRel|Win32
		{397D54FA-D2F9-3286-9A87-4ED019541053}.MinSizeRel|Win32.Build.0 = MinSizeRel|Win32
		{397D54FA-D2F9-3286-9A87-4ED019541053}.RelWithDebInfo|Win32.ActiveCfg = RelWithDebInfo|Win32
		{397D54FA-D2F9-3286-9A87-4ED019541053}.RelWithDebInfo|Win32.Build.0 = RelWithDebInfo|Win32
		{8E916953-3138-3F5B-AA08-7DB4322DDC3F}.Debug|Win32.ActiveCfg = Debug|Win32
		{8E916953-3138-3F5B-AA08-7DB4322DDC3F}.Debug|Win32.Build.0 = Debug|Win32
		{8E916953-3138-3F5B-AA08-7DB4322DDC3F}.Release|Win32.ActiveCfg = Release|Win32
		{8E916953-3138-3F5B-AA08-7DB4322DDC3F}.Release|Win32.Build.0 = Release|Win32
		{8E916953-3138-3F5B-AA08-7DB4322DDC3F}.MinSizeRel|Win32.ActiveCfg = MinSizeRel|Win32
		{8E916953-3138-3F5B-AA08-7DB4322DDC3F}.MinSizeRel|Win32.Build.0 = MinSizeRel|Win32
		{8E916953-3138-3F5B-AA08-7DB4322DDC3F}.RelWithDebInfo|Win32.ActiveCfg = RelWithDebInfo|Win32
		{8E916953-3138-3F5B-AA08-7DB4322DDC3F}.RelWithDebInfo|Win32.Build.0 = RelWithDebInfo|Win32
		{2CF578E1-4D73-3723-8578-CCD700CD80DC}.Debug|Win32.ActiveCfg = Debug|Win32
		{2CF578E1-4D73-3723-8578-CCD700CD80DC}.Release|Win32.ActiveCfg = Release|Win32
		{2CF578E1-4D73-3723-8578-CCD700CD80DC}.MinSizeRel|Win32.ActiveCfg = MinSizeRel|Win32
		{2CF578E1-4D73-3723-8578-CCD700CD80DC}.RelWithDebInfo|Win32.ActiveCfg = RelWithDebInfo|Win32
		{D2F2CD3A-03BC-3BC4-9A44-6F8878481956}.Debug|Win32.ActiveCfg = Debug|Win32
		{D2F2CD3A-03BC-3BC4-9A44-6F8878481956}.Debug|Win32.Build.0 = Debug|Win32
		{D2F2CD3A-03BC-3BC4-9A44-6F8878481956}.Release|Win32.ActiveCfg = Release|Win32
		{D2F2CD3A-03BC-3BC4-9A44-6F8878481956}.Release|Win32.Build.0 = Release|Win32
		{D2F2CD3A-03BC-3BC4-9A44-6F8878481956}.MinSizeRel|Win32.ActiveCfg = MinSizeRel|Win32
		{D2F2CD3A-03BC-3BC4-9A44-6F8878481956}.MinSizeRel|Win32.Build.0 = MinSizeRel|Win32
		{D2F2CD3A-03BC-3BC4-9A44-6F8878481956}.RelWithDebInfo|Win32.ActiveCfg = RelWithDebInfo|Win32
		{D2F2CD3A-03BC-3BC4-9A44-6F8878481956}.RelWithDebInfo|Win32.Build.0 = RelWithDebInfo|Win32
		{E5EEBFDC-178F-3940-9FEC-F8CB0223856D}.Debug|Win32.ActiveCfg = Debug|Win32
		{E5EEBFDC-178F-3940-9FEC-F8CB0223856D}.Debug|Win32.Build.0 = Debug|Win32
		{E5EEBFDC-178F-3940-9FEC-F8CB0223856D}.Release|Win32.ActiveCfg = Release|Win32
		{E5EEBFDC-178F-3940-9FEC-F8CB0223856D}.Release|Win32.Build.0 = Release|Win32
		{E5EEBFDC-178F-3940-9FEC-F8CB0223856D}.MinSizeRel|Win32.ActiveCfg = MinSizeRel|Win32
		{E5EEBFDC-178F-3940-9FEC-F8CB0223856D}.MinSizeRel|Win32.Build.0 = MinSizeRel|Win32
		{E5EEBFDC-178F-3940-9FEC-F8CB0223856D}.RelWithDebInfo|Win32.ActiveCfg = RelWithDebInfo|Win32
		{E5EEBFDC-178F-3940-9FEC-F8CB0223856D}.RelWithDebInfo|Win32.Build.0 = RelWithDebInfo|Win32
		{EC1F3A50-BE06-336E-94AB-D4F2754FCAA4}.Debug|Win32.ActiveCfg = Debug|Win32
		{EC1F3A50-BE06-336E-94AB-D4F2754FCAA4}.Debug|Win32.Build.0 = Debug|Win32
		{EC1F3A50-BE06-336E-94AB-D4F2754FCAA4}.Release|Win32.ActiveCfg = Release|Win32
		{EC1F3A50-BE06-336E-94AB-D4F2754FCAA4}.Release|Win32.Build.0 = Release|Win32
		{EC1F3A50-BE06-336E-94AB-D4F2754FCAA4}.MinSizeRel|Win32.ActiveCfg = MinSizeRel|Win32
		{EC1F3A50-BE06-336E-94AB-D4F2754FCAA4}.MinSizeRel|Win32.Build.0 = MinSizeRel|Win32
		{EC1F3A50-BE06-336E-94AB-D4F2754FCAA4}.RelWithDebInfo|Win32.ActiveCfg = RelWithDebInfo|Win32
		{EC1F3A50-BE06-336E-94AB-D4F2754FCAA4}.RelWithDebInfo|Win32.Build.0 = RelWithDebInfo|Win32
	EndGlobalSection
	GlobalSection(NestedProjects) = preSolution
		{804E3E4C-56A1-3B60-BB29-A667C8533030} = {528217C1-93C5-323B-80E8-9930A1F6E8C2}
		{C095E705-15E4-33AF-9CF2-F4F839A8A1DE} = {528217C1-93C5-323B-80E8-9930A1F6E8C2}
		{365550B0-561C-363D-B8B1-62B859220AAB} = {725206EC-C6A3-3F25-9790-E4B330CE9991}
		{4A8CE416-3386-3568-9AC9-683D1080A522} = {725206EC-C6A3-3F25-9790-E4B330CE9991}
		{990CC341-853D-3E80-A6E3-00E9BB3E10CA} = {725206EC-C6A3-3F25-9790-E4B330CE9991}
		{AC393041-7E69-3586-B5B8-AE265F0F71D4} = {365550B0-561C-363D-B8B1-62B859220AAB}
		{EDCED24D-0953-3659-807B-66EBA8783424} = {365550B0-561C-363D-B8B1-62B859220AAB}
		{BB8E8575-602B-3CD2-ADFD-484E7FFF2E4D} = {365550B0-561C-363D-B8B1-62B859220AAB}
		{98A37385-4191-3227-B94B-1DC2BF57733C} = {365550B0-561C-363D-B8B1-62B859220AAB}
		{AE44CA6B-19AC-39F8-BE7D-C458C782F389} = {365550B0-561C-363D-B8B1-62B859220AAB}
		{50DFFB73-CB5F-3BC2-AE9C-B5746B96E801} = {365550B0-561C-363D-B8B1-62B859220AAB}
		{D2F2CD3A-03BC-3BC4-9A44-6F8878481956} = {365550B0-561C-363D-B8B1-62B859220AAB}
		{C129DC4B-2F5C-367C-8BD5-BFDD1AD4DD59} = {4A8CE416-3386-3568-9AC9-683D1080A522}
		{1D656B70-A394-35E8-9826-A0D6413F0362} = {4A8CE416-3386-3568-9AC9-683D1080A522}
		{E33EC830-03CB-303C-9C61-8619CD11F484} = {4A8CE416-3386-3568-9AC9-683D1080A522}
		{101F9357-7619-34BA-B8E2-42E284DB1A21} = {4A8CE416-3386-3568-9AC9-683D1080A522}
		{BA885DB5-BBEC-3340-93B8-63C61E95ACE0} = {4A8CE416-3386-3568-9AC9-683D1080A522}
		{EAAD8E0A-DB53-30A0-9FEF-D27E0F84F280} = {4A8CE416-3386-3568-9AC9-683D1080A522}
		{8B6AE382-58A6-34D6-BCA9-8CB519C7D68C} = {4A8CE416-3386-3568-9AC9-683D1080A522}
		{073A9F13-0406-35B1-8386-835CB78B5538} = {4A8CE416-3386-3568-9AC9-683D1080A522}
		{C4DA2146-0FCE-3474-8BEA-C082680AC281} = {4A8CE416-3386-3568-9AC9-683D1080A522}
		{97A36895-4F49-3C5F-9E0D-D1D9935EC000} = {4A8CE416-3386-3568-9AC9-683D1080A522}
		{FA5CC8BD-BFD8-30F9-ABE8-79A9448A3684} = {4A8CE416-3386-3568-9AC9-683D1080A522}
		{A560BAE3-2E47-3D85-895F-D8F148F0B28E} = {4A8CE416-3386-3568-9AC9-683D1080A522}
		{3970C9CB-07F3-356E-B029-394A883F8D8D} = {4A8CE416-3386-3568-9AC9-683D1080A522}
		{339914C1-3C62-3FA9-854B-DF81BA79F45A} = {4A8CE416-3386-3568-9AC9-683D1080A522}
		{BF3F9043-6F7E-3D42-9769-ED36EF885AEA} = {4A8CE416-3386-3568-9AC9-683D1080A522}
		{E5EEBFDC-178F-3940-9FEC-F8CB0223856D} = {4A8CE416-3386-3568-9AC9-683D1080A522}
	EndGlobalSection
	GlobalSection(ExtensibilityGlobals) = postSolution
	EndGlobalSection
	GlobalSection(ExtensibilityAddIns) = postSolution
	EndGlobalSection
EndGlobal
