
Microsoft Visual Studio Solution File, Format Version 12.00
# Visual Studio 15
VisualStudioVersion = 15.0.28307.757
MinimumVisualStudioVersion = 10.0.40219.1
Project("{8BC9CEB8-8B4A-11D0-8D11-00A0C91BC942}") = "Sample", "Sample\Sample.vcxproj", "{37E7BA95-6A74-4E7B-9373-EC5CA9136F7A}"
EndProject
Global
	GlobalSection(SolutionConfigurationPlatforms) = preSolution
		Debug|Win32 = Debug|Win32
		Debug|x64 = Debug|x64
		Debug|x86 = Debug|x86
		Release|Win32 = Release|Win32
		Release|x64 = Release|x64
		Release|x86 = Release|x86
	EndGlobalSection
	GlobalSection(ProjectConfigurationPlatforms) = postSolution
		{37E7BA95-6A74-4E7B-9373-EC5CA9136F7A}.Debug|Win32.ActiveCfg = Debug|Win32
		{37E7BA95-6A74-4E7B-9373-EC5CA9136F7A}.Debug|Win32.Build.0 = Debug|Win32
		{37E7BA95-6A74-4E7B-9373-EC5CA9136F7A}.Debug|x64.ActiveCfg = Debug|Win32
		{37E7BA95-6A74-4E7B-9373-EC5CA9136F7A}.Debug|x86.ActiveCfg = Debug|Win32
		{37E7BA95-6A74-4E7B-9373-EC5CA9136F7A}.Debug|x86.Build.0 = Debug|Win32
		{37E7BA95-6A74-4E7B-9373-EC5CA9136F7A}.Release|Win32.ActiveCfg = Release|Win32
		{37E7BA95-6A74-4E7B-9373-EC5CA9136F7A}.Release|Win32.Build.0 = Release|Win32
		{37E7BA95-6A74-4E7B-9373-EC5CA9136F7A}.Release|x64.ActiveCfg = Release|Win32
		{37E7BA95-6A74-4E7B-9373-EC5CA9136F7A}.Release|x86.ActiveCfg = Release|Win32
		{37E7BA95-6A74-4E7B-9373-EC5CA9136F7A}.Release|x86.Build.0 = Release|Win32
	EndGlobalSection
	GlobalSection(SolutionProperties) = preSolution
		HideSolutionNode = FALSE
	EndGlobalSection
	GlobalSection(ExtensibilityGlobals) = postSolution
		SolutionGuid = {6D6A419E-5AA2-4898-BA15-074D228948DA}
	EndGlobalSection
EndGlobal
