// !$*UTF8*$!
{
	archiveVersion = 1;
	classes = {
	};
	objectVersion = 46;
	objects = {

/* Begin PBXBuildFile section */
		DEE2CC6A1AD1C3A0006F566E /* main.cpp in Sources */ = {isa = PBXBuildFile; fileRef = DEE2CC691AD1C3A0006F566E /* main.cpp */; };
		DEE2CC721AD1C43C006F566E /* GLUT.framework in Frameworks */ = {isa = PBXBuildFile; fileRef = DEE2CC701AD1C43C006F566E /* GLUT.framework */; };
		DEE2CC731AD1C43C006F566E /* OpenGL.framework in Frameworks */ = {isa = PBXBuildFile; fileRef = DEE2CC711AD1C43C006F566E /* OpenGL.framework */; };
		DEE2CC751AD1C452006F566E /* Cocoa.framework in Frameworks */ = {isa = PBXBuildFile; fileRef = DEE2CC741AD1C452006F566E /* Cocoa.framework */; };
/* End PBXBuildFile section */

/* Begin PBXCopyFilesBuildPhase section */
		DEE2CC641AD1C3A0006F566E /* CopyFiles */ = {
			isa = PBXCopyFilesBuildPhase;
			buildActionMask = 2147483647;
			dstPath = /usr/share/man/man1/;
			dstSubfolderSpec = 0;
			files = (
			);
			runOnlyForDeploymentPostprocessing = 1;
		};
/* End PBXCopyFilesBuildPhase section */

/* Begin PBXFileReference section */
		DEE2CC661AD1C3A0006F566E /* OpenGLSpike */ = {isa = PBXFileReference; explicitFileType = "compiled.mach-o.executable"; includeInIndex = 0; path = OpenGLSpike; sourceTree = BUILT_PRODUCTS_DIR; };
		DEE2CC691AD1C3A0006F566E /* main.cpp */ = {isa = PBXFileReference; lastKnownFileType = sourcecode.cpp.cpp; path = main.cpp; sourceTree = "<group>"; };
		DEE2CC701AD1C43C006F566E /* GLUT.framework */ = {isa = PBXFileReference; lastKnownFileType = wrapper.framework; name = GLUT.framework; path = System/Library/Frameworks/GLUT.framework; sourceTree = SDKROOT; };
		DEE2CC711AD1C43C006F566E /* OpenGL.framework */ = {isa = PBXFileReference; lastKnownFileType = wrapper.framework; name = OpenGL.framework; path = System/Library/Frameworks/OpenGL.framework; sourceTree = SDKROOT; };
		DEE2CC741AD1C452006F566E /* Cocoa.framework */ = {isa = PBXFileReference; lastKnownFileType = wrapper.framework; name = Cocoa.framework; path = System/Library/Frameworks/Cocoa.framework; sourceTree = SDKROOT; };
		DEE2CC761AD1C4AC006F566E /* hw5.h */ = {isa = PBXFileReference; lastKnownFileType = sourcecode.c.h; path = hw5.h; sourceTree = "<group>"; };
/* End PBXFileReference section */

/* Begin PBXFrameworksBuildPhase section */
		DEE2CC631AD1C3A0006F566E /* Frameworks */ = {
			isa = PBXFrameworksBuildPhase;
			buildActionMask = 2147483647;
			files = (
				DEE2CC751AD1C452006F566E /* Cocoa.framework in Frameworks */,
				DEE2CC721AD1C43C006F566E /* GLUT.framework in Frameworks */,
				DEE2CC731AD1C43C006F566E /* OpenGL.framework in Frameworks */,
			);
			runOnlyForDeploymentPostprocessing = 0;
		};
/* End PBXFrameworksBuildPhase section */

/* Begin PBXGroup section */
		DEE2CC5D1AD1C3A0006F566E = {
			isa = PBXGroup;
			children = (
				DEE2CC741AD1C452006F566E /* Cocoa.framework */,
				DEE2CC701AD1C43C006F566E /* GLUT.framework */,
				DEE2CC711AD1C43C006F566E /* OpenGL.framework */,
				DEE2CC681AD1C3A0006F566E /* OpenGLSpike */,
				DEE2CC671AD1C3A0006F566E /* Products */,
			);
			sourceTree = "<group>";
		};
		DEE2CC671AD1C3A0006F566E /* Products */ = {
			isa = PBXGroup;
			children = (
				DEE2CC661AD1C3A0006F566E /* OpenGLSpike */,
			);
			name = Products;
			sourceTree = "<group>";
		};
		DEE2CC681AD1C3A0006F566E /* OpenGLSpike */ = {
			isa = PBXGroup;
			children = (
				DEE2CC691AD1C3A0006F566E /* main.cpp */,
				DEE2CC761AD1C4AC006F566E /* hw5.h */,
			);
			path = OpenGLSpike;
			sourceTree = "<group>";
		};
/* End PBXGroup section */

/* Begin PBXNativeTarget section */
		DEE2CC651AD1C3A0006F566E /* OpenGLSpike */ = {
			isa = PBXNativeTarget;
			buildConfigurationList = DEE2CC6D1AD1C3A0006F566E /* Build configuration list for PBXNativeTarget "OpenGLSpike" */;
			buildPhases = (
				DEE2CC621AD1C3A0006F566E /* Sources */,
				DEE2CC631AD1C3A0006F566E /* Frameworks */,
				DEE2CC641AD1C3A0006F566E /* CopyFiles */,
			);
			buildRules = (
			);
			dependencies = (
			);
			name = OpenGLSpike;
			productName = OpenGLSpike;
			productReference = DEE2CC661AD1C3A0006F566E /* OpenGLSpike */;
			productType = "com.apple.product-type.tool";
		};
/* End PBXNativeTarget section */

/* Begin PBXProject section */
		DEE2CC5E1AD1C3A0006F566E /* Project object */ = {
			isa = PBXProject;
			attributes = {
				LastUpgradeCheck = 0620;
				ORGANIZATIONNAME = "Xiang Guo";
				TargetAttributes = {
					DEE2CC651AD1C3A0006F566E = {
						CreatedOnToolsVersion = 6.2;
					};
				};
			};
			buildConfigurationList = DEE2CC611AD1C3A0006F566E /* Build configuration list for PBXProject "OpenGLSpike" */;
			compatibilityVersion = "Xcode 3.2";
			developmentRegion = English;
			hasScannedForEncodings = 0;
			knownRegions = (
				en,
			);
			mainGroup = DEE2CC5D1AD1C3A0006F566E;
			productRefGroup = DEE2CC671AD1C3A0006F566E /* Products */;
			projectDirPath = "";
			projectRoot = "";
			targets = (
				DEE2CC651AD1C3A0006F566E /* OpenGLSpike */,
			);
		};
/* End PBXProject section */

/* Begin PBXSourcesBuildPhase section */
		DEE2CC621AD1C3A0006F566E /* Sources */ = {
			isa = PBXSourcesBuildPhase;
			buildActionMask = 2147483647;
			files = (
				DEE2CC6A1AD1C3A0006F566E /* main.cpp in Sources */,
			);
			runOnlyForDeploymentPostprocessing = 0;
		};
/* End PBXSourcesBuildPhase section */

/* Begin XCBuildConfiguration section */
		DEE2CC6B1AD1C3A0006F566E /* Debug */ = {
			isa = XCBuildConfiguration;
			buildSettings = {
				ALWAYS_SEARCH_USER_PATHS = NO;
				CLANG_CXX_LANGUAGE_STANDARD = "gnu++0x";
				CLANG_CXX_LIBRARY = "libc++";
				CLANG_ENABLE_MODULES = YES;
				CLANG_ENABLE_OBJC_ARC = YES;
				CLANG_WARN_BOOL_CONVERSION = YES;
				CLANG_WARN_CONSTANT_CONVERSION = YES;
				CLANG_WARN_DIRECT_OBJC_ISA_USAGE = YES_ERROR;
				CLANG_WARN_EMPTY_BODY = YES;
				CLANG_WARN_ENUM_CONVERSION = YES;
				CLANG_WARN_INT_CONVERSION = YES;
				CLANG_WARN_OBJC_ROOT_CLASS = YES_ERROR;
				CLANG_WARN_UNREACHABLE_CODE = YES;
				CLANG_WARN__DUPLICATE_METHOD_MATCH = YES;
				COPY_PHASE_STRIP = NO;
				ENABLE_STRICT_OBJC_MSGSEND = YES;
				GCC_C_LANGUAGE_STANDARD = gnu99;
				GCC_DYNAMIC_NO_PIC = NO;
				GCC_OPTIMIZATION_LEVEL = 0;
				GCC_PREPROCESSOR_DEFINITIONS = (
					"DEBUG=1",
					"$(inherited)",
				);
				GCC_SYMBOLS_PRIVATE_EXTERN = NO;
				GCC_WARN_64_TO_32_BIT_CONVERSION = YES;
				GCC_WARN_ABOUT_RETURN_TYPE = YES_ERROR;
				GCC_WARN_UNDECLARED_SELECTOR = YES;
				GCC_WARN_UNINITIALIZED_AUTOS = YES_AGGRESSIVE;
				GCC_WARN_UNUSED_FUNCTION = YES;
				GCC_WARN_UNUSED_VARIABLE = YES;
				MACOSX_DEPLOYMENT_TARGET = 10.10;
				MTL_ENABLE_DEBUG_INFO = YES;
				ONLY_ACTIVE_ARCH = YES;
				SDKROOT = macosx;
			};
			name = Debug;
		};
		DEE2CC6C1AD1C3A0006F566E /* Release */ = {
			isa = XCBuildConfiguration;
			buildSettings = {
				ALWAYS_SEARCH_USER_PATHS = NO;
				CLANG_CXX_LANGUAGE_STANDARD = "gnu++0x";
				CLANG_CXX_LIBRARY = "libc++";
				CLANG_ENABLE_MODULES = YES;
				CLANG_ENABLE_OBJC_ARC = YES;
				CLANG_WARN_BOOL_CONVERSION = YES;
				CLANG_WARN_CONSTANT_CONVERSION = YES;
				CLANG_WARN_DIRECT_OBJC_ISA_USAGE = YES_ERROR;
				CLANG_WARN_EMPTY_BODY = YES;
				CLANG_WARN_ENUM_CONVERSION = YES;
				CLANG_WARN_INT_CONVERSION = YES;
				CLANG_WARN_OBJC_ROOT_CLASS = YES_ERROR;
				CLANG_WARN_UNREACHABLE_CODE = YES;
				CLANG_WARN__DUPLICATE_METHOD_MATCH = YES;
				COPY_PHASE_STRIP = NO;
				DEBUG_INFORMATION_FORMAT = "dwarf-with-dsym";
				ENABLE_NS_ASSERTIONS = NO;
				ENABLE_STRICT_OBJC_MSGSEND = YES;
				GCC_C_LANGUAGE_STANDARD = gnu99;
				GCC_WARN_64_TO_32_BIT_CONVERSION = YES;
				GCC_WARN_ABOUT_RETURN_TYPE = YES_ERROR;
				GCC_WARN_UNDECLARED_SELECTOR = YES;
				GCC_WARN_UNINITIALIZED_AUTOS = YES_AGGRESSIVE;
				GCC_WARN_UNUSED_FUNCTION = YES;
				GCC_WARN_UNUSED_VARIABLE = YES;
				MACOSX_DEPLOYMENT_TARGET = 10.10;
				MTL_ENABLE_DEBUG_INFO = NO;
				SDKROOT = macosx;
			};
			name = Release;
		};
		DEE2CC6E1AD1C3A0006F566E /* Debug */ = {
			isa = XCBuildConfiguration;
			buildSettings = {
				PRODUCT_NAME = "$(TARGET_NAME)";
			};
			name = Debug;
		};
		DEE2CC6F1AD1C3A0006F566E /* Release */ = {
			isa = XCBuildConfiguration;
			buildSettings = {
				PRODUCT_NAME = "$(TARGET_NAME)";
			};
			name = Release;
		};
/* End XCBuildConfiguration section */

/* Begin XCConfigurationList section */
		DEE2CC611AD1C3A0006F566E /* Build configuration list for PBXProject "OpenGLSpike" */ = {
			isa = XCConfigurationList;
			buildConfigurations = (
				DEE2CC6B1AD1C3A0006F566E /* Debug */,
				DEE2CC6C1AD1C3A0006F566E /* Release */,
			);
			defaultConfigurationIsVisible = 0;
			defaultConfigurationName = Release;
		};
		DEE2CC6D1AD1C3A0006F566E /* Build configuration list for PBXNativeTarget "OpenGLSpike" */ = {
			isa = XCConfigurationList;
			buildConfigurations = (
				DEE2CC6E1AD1C3A0006F566E /* Debug */,
				DEE2CC6F1AD1C3A0006F566E /* Release */,
			);
			defaultConfigurationIsVisible = 0;
		};
/* End XCConfigurationList section */
	};
	rootObject = DEE2CC5E1AD1C3A0006F566E /* Project object */;
}
